
Microsoft Visual Studio Solution File, Format Version 12.00
# Visual Studio 14
VisualStudioVersion = 14.0.25420.1
MinimumVisualStudioVersion = 10.0.40219.1
Project("{FAE04EC0-301F-11D3-BF4B-00C04F79EFBC}") = "Iconize.FormsSample", "Iconize.FormsSample\Iconize.FormsSample.csproj", "{28A53533-C5E4-42A6-A247-63AD5DE50778}"
EndProject
Project("{FAE04EC0-301F-11D3-BF4B-00C04F79EFBC}") = "Iconize.FormsSample.Droid", "Iconize.FormsSample.Droid\Iconize.FormsSample.Droid.csproj", "{8D2E6A67-66D8-4D33-B11E-5B048326AD22}"
EndProject
Project("{FAE04EC0-301F-11D3-BF4B-00C04F79EFBC}") = "Iconize.FormsSample.iOS", "Iconize.FormsSample.iOS\Iconize.FormsSample.iOS.csproj", "{D68BB77E-6229-4066-8EBD-A0E156760A59}"
EndProject
Project("{FAE04EC0-301F-11D3-BF4B-00C04F79EFBC}") = "Iconize.FormsSample.UWP", "Iconize.FormsSample.UWP\Iconize.FormsSample.UWP.csproj", "{F7A7B213-3304-4897-8465-906D114E9D9C}"
EndProject
Project("{FAE04EC0-301F-11D3-BF4B-00C04F79EFBC}") = "Iconize.Sample.Droid", "Iconize.Sample.Droid\Iconize.Sample.Droid.csproj", "{35439771-7B34-44EB-97C0-3F10B8C644A9}"
EndProject
Project("{FAE04EC0-301F-11D3-BF4B-00C04F79EFBC}") = "Iconize.Sample.iOS", "Iconize.Sample.iOS\Iconize.Sample.iOS.csproj", "{F12D905F-77EE-4ABF-B3EA-2F31ACE79335}"
EndProject
Project("{FAE04EC0-301F-11D3-BF4B-00C04F79EFBC}") = "Iconize.Sample.UWP", "Iconize.Sample.UWP\Iconize.Sample.UWP.csproj", "{BE53139E-8DB4-422D-8AF3-4C004D5A0C39}"
EndProject
Global
	GlobalSection(SolutionConfigurationPlatforms) = preSolution
		Ad-Hoc|Any CPU = Ad-Hoc|Any CPU
		Ad-Hoc|ARM = Ad-Hoc|ARM
		Ad-Hoc|iPhone = Ad-Hoc|iPhone
		Ad-Hoc|iPhoneSimulator = Ad-Hoc|iPhoneSimulator
		Ad-Hoc|x64 = Ad-Hoc|x64
		Ad-Hoc|x86 = Ad-Hoc|x86
		AppStore|Any CPU = AppStore|Any CPU
		AppStore|ARM = AppStore|ARM
		AppStore|iPhone = AppStore|iPhone
		AppStore|iPhoneSimulator = AppStore|iPhoneSimulator
		AppStore|x64 = AppStore|x64
		AppStore|x86 = AppStore|x86
		Debug|Any CPU = Debug|Any CPU
		Debug|ARM = Debug|ARM
		Debug|iPhone = Debug|iPhone
		Debug|iPhoneSimulator = Debug|iPhoneSimulator
		Debug|x64 = Debug|x64
		Debug|x86 = Debug|x86
		Release|Any CPU = Release|Any CPU
		Release|ARM = Release|ARM
		Release|iPhone = Release|iPhone
		Release|iPhoneSimulator = Release|iPhoneSimulator
		Release|x64 = Release|x64
		Release|x86 = Release|x86
	EndGlobalSection
	GlobalSection(ProjectConfigurationPlatforms) = postSolution
		{28A53533-C5E4-42A6-A247-63AD5DE50778}.Ad-Hoc|Any CPU.ActiveCfg = Release|Any CPU
		{28A53533-C5E4-42A6-A247-63AD5DE50778}.Ad-Hoc|Any CPU.Build.0 = Release|Any CPU
		{28A53533-C5E4-42A6-A247-63AD5DE50778}.Ad-Hoc|ARM.ActiveCfg = Release|Any CPU
		{28A53533-C5E4-42A6-A247-63AD5DE50778}.Ad-Hoc|ARM.Build.0 = Release|Any CPU
		{28A53533-C5E4-42A6-A247-63AD5DE50778}.Ad-Hoc|iPhone.ActiveCfg = Release|Any CPU
		{28A53533-C5E4-42A6-A247-63AD5DE50778}.Ad-Hoc|iPhone.Build.0 = Release|Any CPU
		{28A53533-C5E4-42A6-A247-63AD5DE50778}.Ad-Hoc|iPhoneSimulator.ActiveCfg = Release|Any CPU
		{28A53533-C5E4-42A6-A247-63AD5DE50778}.Ad-Hoc|iPhoneSimulator.Build.0 = Release|Any CPU
		{28A53533-C5E4-42A6-A247-63AD5DE50778}.Ad-Hoc|x64.ActiveCfg = Release|Any CPU
		{28A53533-C5E4-42A6-A247-63AD5DE50778}.Ad-Hoc|x64.Build.0 = Release|Any CPU
		{28A53533-C5E4-42A6-A247-63AD5DE50778}.Ad-Hoc|x86.ActiveCfg = Release|Any CPU
		{28A53533-C5E4-42A6-A247-63AD5DE50778}.Ad-Hoc|x86.Build.0 = Release|Any CPU
		{28A53533-C5E4-42A6-A247-63AD5DE50778}.AppStore|Any CPU.ActiveCfg = Release|Any CPU
		{28A53533-C5E4-42A6-A247-63AD5DE50778}.AppStore|Any CPU.Build.0 = Release|Any CPU
		{28A53533-C5E4-42A6-A247-63AD5DE50778}.AppStore|ARM.ActiveCfg = Release|Any CPU
		{28A53533-C5E4-42A6-A247-63AD5DE50778}.AppStore|ARM.Build.0 = Release|Any CPU
		{28A53533-C5E4-42A6-A247-63AD5DE50778}.AppStore|iPhone.ActiveCfg = Release|Any CPU
		{28A53533-C5E4-42A6-A247-63AD5DE50778}.AppStore|iPhone.Build.0 = Release|Any CPU
		{28A53533-C5E4-42A6-A247-63AD5DE50778}.AppStore|iPhoneSimulator.ActiveCfg = Release|Any CPU
		{28A53533-C5E4-42A6-A247-63AD5DE50778}.AppStore|iPhoneSimulator.Build.0 = Release|Any CPU
		{28A53533-C5E4-42A6-A247-63AD5DE50778}.AppStore|x64.ActiveCfg = Release|Any CPU
		{28A53533-C5E4-42A6-A247-63AD5DE50778}.AppStore|x64.Build.0 = Release|Any CPU
		{28A53533-C5E4-42A6-A247-63AD5DE50778}.AppStore|x86.ActiveCfg = Release|Any CPU
		{28A53533-C5E4-42A6-A247-63AD5DE50778}.AppStore|x86.Build.0 = Release|Any CPU
		{28A53533-C5E4-42A6-A247-63AD5DE50778}.Debug|Any CPU.ActiveCfg = Debug|Any CPU
		{28A53533-C5E4-42A6-A247-63AD5DE50778}.Debug|Any CPU.Build.0 = Debug|Any CPU
		{28A53533-C5E4-42A6-A247-63AD5DE50778}.Debug|ARM.ActiveCfg = Debug|Any CPU
		{28A53533-C5E4-42A6-A247-63AD5DE50778}.Debug|ARM.Build.0 = Debug|Any CPU
		{28A53533-C5E4-42A6-A247-63AD5DE50778}.Debug|iPhone.ActiveCfg = Debug|Any CPU
		{28A53533-C5E4-42A6-A247-63AD5DE50778}.Debug|iPhone.Build.0 = Debug|Any CPU
		{28A53533-C5E4-42A6-A247-63AD5DE50778}.Debug|iPhoneSimulator.ActiveCfg = Debug|Any CPU
		{28A53533-C5E4-42A6-A247-63AD5DE50778}.Debug|iPhoneSimulator.Build.0 = Debug|Any CPU
		{28A53533-C5E4-42A6-A247-63AD5DE50778}.Debug|x64.ActiveCfg = Debug|Any CPU
		{28A53533-C5E4-42A6-A247-63AD5DE50778}.Debug|x64.Build.0 = Debug|Any CPU
		{28A53533-C5E4-42A6-A247-63AD5DE50778}.Debug|x86.ActiveCfg = Debug|Any CPU
		{28A53533-C5E4-42A6-A247-63AD5DE50778}.Debug|x86.Build.0 = Debug|Any CPU
		{28A53533-C5E4-42A6-A247-63AD5DE50778}.Release|Any CPU.ActiveCfg = Release|Any CPU
		{28A53533-C5E4-42A6-A247-63AD5DE50778}.Release|Any CPU.Build.0 = Release|Any CPU
		{28A53533-C5E4-42A6-A247-63AD5DE50778}.Release|ARM.ActiveCfg = Release|Any CPU
		{28A53533-C5E4-42A6-A247-63AD5DE50778}.Release|ARM.Build.0 = Release|Any CPU
		{28A53533-C5E4-42A6-A247-63AD5DE50778}.Release|iPhone.ActiveCfg = Release|Any CPU
		{28A53533-C5E4-42A6-A247-63AD5DE50778}.Release|iPhone.Build.0 = Release|Any CPU
		{28A53533-C5E4-42A6-A247-63AD5DE50778}.Release|iPhoneSimulator.ActiveCfg = Release|Any CPU
		{28A53533-C5E4-42A6-A247-63AD5DE50778}.Release|iPhoneSimulator.Build.0 = Release|Any CPU
		{28A53533-C5E4-42A6-A247-63AD5DE50778}.Release|x64.ActiveCfg = Release|Any CPU
		{28A53533-C5E4-42A6-A247-63AD5DE50778}.Release|x64.Build.0 = Release|Any CPU
		{28A53533-C5E4-42A6-A247-63AD5DE50778}.Release|x86.ActiveCfg = Release|Any CPU
		{28A53533-C5E4-42A6-A247-63AD5DE50778}.Release|x86.Build.0 = Release|Any CPU
		{8D2E6A67-66D8-4D33-B11E-5B048326AD22}.Ad-Hoc|Any CPU.ActiveCfg = Release|Any CPU
		{8D2E6A67-66D8-4D33-B11E-5B048326AD22}.Ad-Hoc|Any CPU.Build.0 = Release|Any CPU
		{8D2E6A67-66D8-4D33-B11E-5B048326AD22}.Ad-Hoc|Any CPU.Deploy.0 = Release|Any CPU
		{8D2E6A67-66D8-4D33-B11E-5B048326AD22}.Ad-Hoc|ARM.ActiveCfg = Release|Any CPU
		{8D2E6A67-66D8-4D33-B11E-5B048326AD22}.Ad-Hoc|ARM.Build.0 = Release|Any CPU
		{8D2E6A67-66D8-4D33-B11E-5B048326AD22}.Ad-Hoc|ARM.Deploy.0 = Release|Any CPU
		{8D2E6A67-66D8-4D33-B11E-5B048326AD22}.Ad-Hoc|iPhone.ActiveCfg = Release|Any CPU
		{8D2E6A67-66D8-4D33-B11E-5B048326AD22}.Ad-Hoc|iPhone.Build.0 = Release|Any CPU
		{8D2E6A67-66D8-4D33-B11E-5B048326AD22}.Ad-Hoc|iPhone.Deploy.0 = Release|Any CPU
		{8D2E6A67-66D8-4D33-B11E-5B048326AD22}.Ad-Hoc|iPhoneSimulator.ActiveCfg = Release|Any CPU
		{8D2E6A67-66D8-4D33-B11E-5B048326AD22}.Ad-Hoc|iPhoneSimulator.Build.0 = Release|Any CPU
		{8D2E6A67-66D8-4D33-B11E-5B048326AD22}.Ad-Hoc|iPhoneSimulator.Deploy.0 = Release|Any CPU
		{8D2E6A67-66D8-4D33-B11E-5B048326AD22}.Ad-Hoc|x64.ActiveCfg = Release|Any CPU
		{8D2E6A67-66D8-4D33-B11E-5B048326AD22}.Ad-Hoc|x64.Build.0 = Release|Any CPU
		{8D2E6A67-66D8-4D33-B11E-5B048326AD22}.Ad-Hoc|x64.Deploy.0 = Release|Any CPU
		{8D2E6A67-66D8-4D33-B11E-5B048326AD22}.Ad-Hoc|x86.ActiveCfg = Release|Any CPU
		{8D2E6A67-66D8-4D33-B11E-5B048326AD22}.Ad-Hoc|x86.Build.0 = Release|Any CPU
		{8D2E6A67-66D8-4D33-B11E-5B048326AD22}.Ad-Hoc|x86.Deploy.0 = Release|Any CPU
		{8D2E6A67-66D8-4D33-B11E-5B048326AD22}.AppStore|Any CPU.ActiveCfg = Release|Any CPU
		{8D2E6A67-66D8-4D33-B11E-5B048326AD22}.AppStore|Any CPU.Build.0 = Release|Any CPU
		{8D2E6A67-66D8-4D33-B11E-5B048326AD22}.AppStore|Any CPU.Deploy.0 = Release|Any CPU
		{8D2E6A67-66D8-4D33-B11E-5B048326AD22}.AppStore|ARM.ActiveCfg = Release|Any CPU
		{8D2E6A67-66D8-4D33-B11E-5B048326AD22}.AppStore|ARM.Build.0 = Release|Any CPU
		{8D2E6A67-66D8-4D33-B11E-5B048326AD22}.AppStore|ARM.Deploy.0 = Release|Any CPU
		{8D2E6A67-66D8-4D33-B11E-5B048326AD22}.AppStore|iPhone.ActiveCfg = Release|Any CPU
		{8D2E6A67-66D8-4D33-B11E-5B048326AD22}.AppStore|iPhone.Build.0 = Release|Any CPU
		{8D2E6A67-66D8-4D33-B11E-5B048326AD22}.AppStore|iPhone.Deploy.0 = Release|Any CPU
		{8D2E6A67-66D8-4D33-B11E-5B048326AD22}.AppStore|iPhoneSimulator.ActiveCfg = Release|Any CPU
		{8D2E6A67-66D8-4D33-B11E-5B048326AD22}.AppStore|iPhoneSimulator.Build.0 = Release|Any CPU
		{8D2E6A67-66D8-4D33-B11E-5B048326AD22}.AppStore|iPhoneSimulator.Deploy.0 = Release|Any CPU
		{8D2E6A67-66D8-4D33-B11E-5B048326AD22}.AppStore|x64.ActiveCfg = Release|Any CPU
		{8D2E6A67-66D8-4D33-B11E-5B048326AD22}.AppStore|x64.Build.0 = Release|Any CPU
		{8D2E6A67-66D8-4D33-B11E-5B048326AD22}.AppStore|x64.Deploy.0 = Release|Any CPU
		{8D2E6A67-66D8-4D33-B11E-5B048326AD22}.AppStore|x86.ActiveCfg = Release|Any CPU
		{8D2E6A67-66D8-4D33-B11E-5B048326AD22}.AppStore|x86.Build.0 = Release|Any CPU
		{8D2E6A67-66D8-4D33-B11E-5B048326AD22}.AppStore|x86.Deploy.0 = Release|Any CPU
		{8D2E6A67-66D8-4D33-B11E-5B048326AD22}.Debug|Any CPU.ActiveCfg = Debug|Any CPU
		{8D2E6A67-66D8-4D33-B11E-5B048326AD22}.Debug|Any CPU.Build.0 = Debug|Any CPU
		{8D2E6A67-66D8-4D33-B11E-5B048326AD22}.Debug|Any CPU.Deploy.0 = Debug|Any CPU
		{8D2E6A67-66D8-4D33-B11E-5B048326AD22}.Debug|ARM.ActiveCfg = Debug|Any CPU
		{8D2E6A67-66D8-4D33-B11E-5B048326AD22}.Debug|ARM.Build.0 = Debug|Any CPU
		{8D2E6A67-66D8-4D33-B11E-5B048326AD22}.Debug|ARM.Deploy.0 = Debug|Any CPU
		{8D2E6A67-66D8-4D33-B11E-5B048326AD22}.Debug|iPhone.ActiveCfg = Debug|Any CPU
		{8D2E6A67-66D8-4D33-B11E-5B048326AD22}.Debug|iPhone.Build.0 = Debug|Any CPU
		{8D2E6A67-66D8-4D33-B11E-5B048326AD22}.Debug|iPhone.Deploy.0 = Debug|Any CPU
		{8D2E6A67-66D8-4D33-B11E-5B048326AD22}.Debug|iPhoneSimulator.ActiveCfg = Debug|Any CPU
		{8D2E6A67-66D8-4D33-B11E-5B048326AD22}.Debug|iPhoneSimulator.Build.0 = Debug|Any CPU
		{8D2E6A67-66D8-4D33-B11E-5B048326AD22}.Debug|iPhoneSimulator.Deploy.0 = Debug|Any CPU
		{8D2E6A67-66D8-4D33-B11E-5B048326AD22}.Debug|x64.ActiveCfg = Debug|Any CPU
		{8D2E6A67-66D8-4D33-B11E-5B048326AD22}.Debug|x64.Build.0 = Debug|Any CPU
		{8D2E6A67-66D8-4D33-B11E-5B048326AD22}.Debug|x64.Deploy.0 = Debug|Any CPU
		{8D2E6A67-66D8-4D33-B11E-5B048326AD22}.Debug|x86.ActiveCfg = Debug|Any CPU
		{8D2E6A67-66D8-4D33-B11E-5B048326AD22}.Debug|x86.Build.0 = Debug|Any CPU
		{8D2E6A67-66D8-4D33-B11E-5B048326AD22}.Debug|x86.Deploy.0 = Debug|Any CPU
		{8D2E6A67-66D8-4D33-B11E-5B048326AD22}.Release|Any CPU.ActiveCfg = Release|Any CPU
		{8D2E6A67-66D8-4D33-B11E-5B048326AD22}.Release|Any CPU.Build.0 = Release|Any CPU
		{8D2E6A67-66D8-4D33-B11E-5B048326AD22}.Release|Any CPU.Deploy.0 = Release|Any CPU
		{8D2E6A67-66D8-4D33-B11E-5B048326AD22}.Release|ARM.ActiveCfg = Release|Any CPU
		{8D2E6A67-66D8-4D33-B11E-5B048326AD22}.Release|ARM.Build.0 = Release|Any CPU
		{8D2E6A67-66D8-4D33-B11E-5B048326AD22}.Release|ARM.Deploy.0 = Release|Any CPU
		{8D2E6A67-66D8-4D33-B11E-5B048326AD22}.Release|iPhone.ActiveCfg = Release|Any CPU
		{8D2E6A67-66D8-4D33-B11E-5B048326AD22}.Release|iPhone.Build.0 = Release|Any CPU
		{8D2E6A67-66D8-4D33-B11E-5B048326AD22}.Release|iPhone.Deploy.0 = Release|Any CPU
		{8D2E6A67-66D8-4D33-B11E-5B048326AD22}.Release|iPhoneSimulator.ActiveCfg = Release|Any CPU
		{8D2E6A67-66D8-4D33-B11E-5B048326AD22}.Release|iPhoneSimulator.Build.0 = Release|Any CPU
		{8D2E6A67-66D8-4D33-B11E-5B048326AD22}.Release|iPhoneSimulator.Deploy.0 = Release|Any CPU
		{8D2E6A67-66D8-4D33-B11E-5B048326AD22}.Release|x64.ActiveCfg = Release|Any CPU
		{8D2E6A67-66D8-4D33-B11E-5B048326AD22}.Release|x64.Build.0 = Release|Any CPU
		{8D2E6A67-66D8-4D33-B11E-5B048326AD22}.Release|x64.Deploy.0 = Release|Any CPU
		{8D2E6A67-66D8-4D33-B11E-5B048326AD22}.Release|x86.ActiveCfg = Release|Any CPU
		{8D2E6A67-66D8-4D33-B11E-5B048326AD22}.Release|x86.Build.0 = Release|Any CPU
		{8D2E6A67-66D8-4D33-B11E-5B048326AD22}.Release|x86.Deploy.0 = Release|Any CPU
		{D68BB77E-6229-4066-8EBD-A0E156760A59}.Ad-Hoc|Any CPU.ActiveCfg = Ad-Hoc|iPhone
		{D68BB77E-6229-4066-8EBD-A0E156760A59}.Ad-Hoc|ARM.ActiveCfg = Ad-Hoc|iPhone
		{D68BB77E-6229-4066-8EBD-A0E156760A59}.Ad-Hoc|iPhone.ActiveCfg = Ad-Hoc|iPhone
		{D68BB77E-6229-4066-8EBD-A0E156760A59}.Ad-Hoc|iPhone.Build.0 = Ad-Hoc|iPhone
		{D68BB77E-6229-4066-8EBD-A0E156760A59}.Ad-Hoc|iPhoneSimulator.ActiveCfg = Ad-Hoc|iPhoneSimulator
		{D68BB77E-6229-4066-8EBD-A0E156760A59}.Ad-Hoc|iPhoneSimulator.Build.0 = Ad-Hoc|iPhoneSimulator
		{D68BB77E-6229-4066-8EBD-A0E156760A59}.Ad-Hoc|x64.ActiveCfg = Ad-Hoc|iPhone
		{D68BB77E-6229-4066-8EBD-A0E156760A59}.Ad-Hoc|x86.ActiveCfg = Ad-Hoc|iPhone
		{D68BB77E-6229-4066-8EBD-A0E156760A59}.AppStore|Any CPU.ActiveCfg = AppStore|iPhone
		{D68BB77E-6229-4066-8EBD-A0E156760A59}.AppStore|ARM.ActiveCfg = AppStore|iPhone
		{D68BB77E-6229-4066-8EBD-A0E156760A59}.AppStore|iPhone.ActiveCfg = AppStore|iPhone
		{D68BB77E-6229-4066-8EBD-A0E156760A59}.AppStore|iPhone.Build.0 = AppStore|iPhone
		{D68BB77E-6229-4066-8EBD-A0E156760A59}.AppStore|iPhoneSimulator.ActiveCfg = AppStore|iPhoneSimulator
		{D68BB77E-6229-4066-8EBD-A0E156760A59}.AppStore|iPhoneSimulator.Build.0 = AppStore|iPhoneSimulator
		{D68BB77E-6229-4066-8EBD-A0E156760A59}.AppStore|x64.ActiveCfg = AppStore|iPhone
		{D68BB77E-6229-4066-8EBD-A0E156760A59}.AppStore|x86.ActiveCfg = AppStore|iPhone
		{D68BB77E-6229-4066-8EBD-A0E156760A59}.Debug|Any CPU.ActiveCfg = Debug|iPhone
		{D68BB77E-6229-4066-8EBD-A0E156760A59}.Debug|ARM.ActiveCfg = Debug|iPhone
		{D68BB77E-6229-4066-8EBD-A0E156760A59}.Debug|iPhone.ActiveCfg = Debug|iPhone
		{D68BB77E-6229-4066-8EBD-A0E156760A59}.Debug|iPhone.Build.0 = Debug|iPhone
		{D68BB77E-6229-4066-8EBD-A0E156760A59}.Debug|iPhoneSimulator.ActiveCfg = Debug|iPhoneSimulator
		{D68BB77E-6229-4066-8EBD-A0E156760A59}.Debug|iPhoneSimulator.Build.0 = Debug|iPhoneSimulator
		{D68BB77E-6229-4066-8EBD-A0E156760A59}.Debug|x64.ActiveCfg = Debug|iPhone
		{D68BB77E-6229-4066-8EBD-A0E156760A59}.Debug|x86.ActiveCfg = Debug|iPhone
		{D68BB77E-6229-4066-8EBD-A0E156760A59}.Release|Any CPU.ActiveCfg = Release|iPhone
		{D68BB77E-6229-4066-8EBD-A0E156760A59}.Release|ARM.ActiveCfg = Release|iPhone
		{D68BB77E-6229-4066-8EBD-A0E156760A59}.Release|iPhone.ActiveCfg = Release|iPhone
		{D68BB77E-6229-4066-8EBD-A0E156760A59}.Release|iPhone.Build.0 = Release|iPhone
		{D68BB77E-6229-4066-8EBD-A0E156760A59}.Release|iPhoneSimulator.ActiveCfg = Release|iPhoneSimulator
		{D68BB77E-6229-4066-8EBD-A0E156760A59}.Release|iPhoneSimulator.Build.0 = Release|iPhoneSimulator
		{D68BB77E-6229-4066-8EBD-A0E156760A59}.Release|x64.ActiveCfg = Release|iPhone
		{D68BB77E-6229-4066-8EBD-A0E156760A59}.Release|x86.ActiveCfg = Release|iPhone
		{F7A7B213-3304-4897-8465-906D114E9D9C}.Ad-Hoc|Any CPU.ActiveCfg = Release|x64
		{F7A7B213-3304-4897-8465-906D114E9D9C}.Ad-Hoc|Any CPU.Build.0 = Release|x64
		{F7A7B213-3304-4897-8465-906D114E9D9C}.Ad-Hoc|Any CPU.Deploy.0 = Release|x64
		{F7A7B213-3304-4897-8465-906D114E9D9C}.Ad-Hoc|ARM.ActiveCfg = Release|ARM
		{F7A7B213-3304-4897-8465-906D114E9D9C}.Ad-Hoc|ARM.Build.0 = Release|ARM
		{F7A7B213-3304-4897-8465-906D114E9D9C}.Ad-Hoc|ARM.Deploy.0 = Release|ARM
		{F7A7B213-3304-4897-8465-906D114E9D9C}.Ad-Hoc|iPhone.ActiveCfg = Release|x64
		{F7A7B213-3304-4897-8465-906D114E9D9C}.Ad-Hoc|iPhone.Build.0 = Release|x64
		{F7A7B213-3304-4897-8465-906D114E9D9C}.Ad-Hoc|iPhone.Deploy.0 = Release|x64
		{F7A7B213-3304-4897-8465-906D114E9D9C}.Ad-Hoc|iPhoneSimulator.ActiveCfg = Release|x64
		{F7A7B213-3304-4897-8465-906D114E9D9C}.Ad-Hoc|iPhoneSimulator.Build.0 = Release|x64
		{F7A7B213-3304-4897-8465-906D114E9D9C}.Ad-Hoc|iPhoneSimulator.Deploy.0 = Release|x64
		{F7A7B213-3304-4897-8465-906D114E9D9C}.Ad-Hoc|x64.ActiveCfg = Release|x64
		{F7A7B213-3304-4897-8465-906D114E9D9C}.Ad-Hoc|x64.Build.0 = Release|x64
		{F7A7B213-3304-4897-8465-906D114E9D9C}.Ad-Hoc|x64.Deploy.0 = Release|x64
		{F7A7B213-3304-4897-8465-906D114E9D9C}.Ad-Hoc|x86.ActiveCfg = Release|x86
		{F7A7B213-3304-4897-8465-906D114E9D9C}.Ad-Hoc|x86.Build.0 = Release|x86
		{F7A7B213-3304-4897-8465-906D114E9D9C}.Ad-Hoc|x86.Deploy.0 = Release|x86
		{F7A7B213-3304-4897-8465-906D114E9D9C}.AppStore|Any CPU.ActiveCfg = Release|x64
		{F7A7B213-3304-4897-8465-906D114E9D9C}.AppStore|Any CPU.Build.0 = Release|x64
		{F7A7B213-3304-4897-8465-906D114E9D9C}.AppStore|Any CPU.Deploy.0 = Release|x64
		{F7A7B213-3304-4897-8465-906D114E9D9C}.AppStore|ARM.ActiveCfg = Release|ARM
		{F7A7B213-3304-4897-8465-906D114E9D9C}.AppStore|ARM.Build.0 = Release|ARM
		{F7A7B213-3304-4897-8465-906D114E9D9C}.AppStore|ARM.Deploy.0 = Release|ARM
		{F7A7B213-3304-4897-8465-906D114E9D9C}.AppStore|iPhone.ActiveCfg = Release|x64
		{F7A7B213-3304-4897-8465-906D114E9D9C}.AppStore|iPhone.Build.0 = Release|x64
		{F7A7B213-3304-4897-8465-906D114E9D9C}.AppStore|iPhone.Deploy.0 = Release|x64
		{F7A7B213-3304-4897-8465-906D114E9D9C}.AppStore|iPhoneSimulator.ActiveCfg = Release|x64
		{F7A7B213-3304-4897-8465-906D114E9D9C}.AppStore|iPhoneSimulator.Build.0 = Release|x64
		{F7A7B213-3304-4897-8465-906D114E9D9C}.AppStore|iPhoneSimulator.Deploy.0 = Release|x64
		{F7A7B213-3304-4897-8465-906D114E9D9C}.AppStore|x64.ActiveCfg = Release|x64
		{F7A7B213-3304-4897-8465-906D114E9D9C}.AppStore|x64.Build.0 = Release|x64
		{F7A7B213-3304-4897-8465-906D114E9D9C}.AppStore|x64.Deploy.0 = Release|x64
		{F7A7B213-3304-4897-8465-906D114E9D9C}.AppStore|x86.ActiveCfg = Release|x86
		{F7A7B213-3304-4897-8465-906D114E9D9C}.AppStore|x86.Build.0 = Release|x86
		{F7A7B213-3304-4897-8465-906D114E9D9C}.AppStore|x86.Deploy.0 = Release|x86
		{F7A7B213-3304-4897-8465-906D114E9D9C}.Debug|Any CPU.ActiveCfg = Debug|x86
		{F7A7B213-3304-4897-8465-906D114E9D9C}.Debug|ARM.ActiveCfg = Debug|ARM
		{F7A7B213-3304-4897-8465-906D114E9D9C}.Debug|ARM.Build.0 = Debug|ARM
		{F7A7B213-3304-4897-8465-906D114E9D9C}.Debug|ARM.Deploy.0 = Debug|ARM
		{F7A7B213-3304-4897-8465-906D114E9D9C}.Debug|iPhone.ActiveCfg = Debug|x86
		{F7A7B213-3304-4897-8465-906D114E9D9C}.Debug|iPhoneSimulator.ActiveCfg = Debug|x86
		{F7A7B213-3304-4897-8465-906D114E9D9C}.Debug|x64.ActiveCfg = Debug|x64
		{F7A7B213-3304-4897-8465-906D114E9D9C}.Debug|x64.Build.0 = Debug|x64
		{F7A7B213-3304-4897-8465-906D114E9D9C}.Debug|x64.Deploy.0 = Debug|x64
		{F7A7B213-3304-4897-8465-906D114E9D9C}.Debug|x86.ActiveCfg = Debug|x86
		{F7A7B213-3304-4897-8465-906D114E9D9C}.Debug|x86.Build.0 = Debug|x86
		{F7A7B213-3304-4897-8465-906D114E9D9C}.Debug|x86.Deploy.0 = Debug|x86
		{F7A7B213-3304-4897-8465-906D114E9D9C}.Release|Any CPU.ActiveCfg = Release|x86
		{F7A7B213-3304-4897-8465-906D114E9D9C}.Release|ARM.ActiveCfg = Release|ARM
		{F7A7B213-3304-4897-8465-906D114E9D9C}.Release|ARM.Build.0 = Release|ARM
		{F7A7B213-3304-4897-8465-906D114E9D9C}.Release|ARM.Deploy.0 = Release|ARM
		{F7A7B213-3304-4897-8465-906D114E9D9C}.Release|iPhone.ActiveCfg = Release|x86
		{F7A7B213-3304-4897-8465-906D114E9D9C}.Release|iPhoneSimulator.ActiveCfg = Release|x86
		{F7A7B213-3304-4897-8465-906D114E9D9C}.Release|x64.ActiveCfg = Release|x64
		{F7A7B213-3304-4897-8465-906D114E9D9C}.Release|x64.Build.0 = Release|x64
		{F7A7B213-3304-4897-8465-906D114E9D9C}.Release|x64.Deploy.0 = Release|x64
		{F7A7B213-3304-4897-8465-906D114E9D9C}.Release|x86.ActiveCfg = Release|x86
		{F7A7B213-3304-4897-8465-906D114E9D9C}.Release|x86.Build.0 = Release|x86
		{F7A7B213-3304-4897-8465-906D114E9D9C}.Release|x86.Deploy.0 = Release|x86
		{35439771-7B34-44EB-97C0-3F10B8C644A9}.Ad-Hoc|Any CPU.ActiveCfg = Release|Any CPU
		{35439771-7B34-44EB-97C0-3F10B8C644A9}.Ad-Hoc|Any CPU.Build.0 = Release|Any CPU
		{35439771-7B34-44EB-97C0-3F10B8C644A9}.Ad-Hoc|Any CPU.Deploy.0 = Release|Any CPU
		{35439771-7B34-44EB-97C0-3F10B8C644A9}.Ad-Hoc|ARM.ActiveCfg = Release|Any CPU
		{35439771-7B34-44EB-97C0-3F10B8C644A9}.Ad-Hoc|ARM.Build.0 = Release|Any CPU
		{35439771-7B34-44EB-97C0-3F10B8C644A9}.Ad-Hoc|ARM.Deploy.0 = Release|Any CPU
		{35439771-7B34-44EB-97C0-3F10B8C644A9}.Ad-Hoc|iPhone.ActiveCfg = Release|Any CPU
		{35439771-7B34-44EB-97C0-3F10B8C644A9}.Ad-Hoc|iPhone.Build.0 = Release|Any CPU
		{35439771-7B34-44EB-97C0-3F10B8C644A9}.Ad-Hoc|iPhone.Deploy.0 = Release|Any CPU
		{35439771-7B34-44EB-97C0-3F10B8C644A9}.Ad-Hoc|iPhoneSimulator.ActiveCfg = Release|Any CPU
		{35439771-7B34-44EB-97C0-3F10B8C644A9}.Ad-Hoc|iPhoneSimulator.Build.0 = Release|Any CPU
		{35439771-7B34-44EB-97C0-3F10B8C644A9}.Ad-Hoc|iPhoneSimulator.Deploy.0 = Release|Any CPU
		{35439771-7B34-44EB-97C0-3F10B8C644A9}.Ad-Hoc|x64.ActiveCfg = Release|Any CPU
		{35439771-7B34-44EB-97C0-3F10B8C644A9}.Ad-Hoc|x64.Build.0 = Release|Any CPU
		{35439771-7B34-44EB-97C0-3F10B8C644A9}.Ad-Hoc|x64.Deploy.0 = Release|Any CPU
		{35439771-7B34-44EB-97C0-3F10B8C644A9}.Ad-Hoc|x86.ActiveCfg = Release|Any CPU
		{35439771-7B34-44EB-97C0-3F10B8C644A9}.Ad-Hoc|x86.Build.0 = Release|Any CPU
		{35439771-7B34-44EB-97C0-3F10B8C644A9}.Ad-Hoc|x86.Deploy.0 = Release|Any CPU
		{35439771-7B34-44EB-97C0-3F10B8C644A9}.AppStore|Any CPU.ActiveCfg = Release|Any CPU
		{35439771-7B34-44EB-97C0-3F10B8C644A9}.AppStore|Any CPU.Build.0 = Release|Any CPU
		{35439771-7B34-44EB-97C0-3F10B8C644A9}.AppStore|Any CPU.Deploy.0 = Release|Any CPU
		{35439771-7B34-44EB-97C0-3F10B8C644A9}.AppStore|ARM.ActiveCfg = Release|Any CPU
		{35439771-7B34-44EB-97C0-3F10B8C644A9}.AppStore|ARM.Build.0 = Release|Any CPU
		{35439771-7B34-44EB-97C0-3F10B8C644A9}.AppStore|ARM.Deploy.0 = Release|Any CPU
		{35439771-7B34-44EB-97C0-3F10B8C644A9}.AppStore|iPhone.ActiveCfg = Release|Any CPU
		{35439771-7B34-44EB-97C0-3F10B8C644A9}.AppStore|iPhone.Build.0 = Release|Any CPU
		{35439771-7B34-44EB-97C0-3F10B8C644A9}.AppStore|iPhone.Deploy.0 = Release|Any CPU
		{35439771-7B34-44EB-97C0-3F10B8C644A9}.AppStore|iPhoneSimulator.ActiveCfg = Release|Any CPU
		{35439771-7B34-44EB-97C0-3F10B8C644A9}.AppStore|iPhoneSimulator.Build.0 = Release|Any CPU
		{35439771-7B34-44EB-97C0-3F10B8C644A9}.AppStore|iPhoneSimulator.Deploy.0 = Release|Any CPU
		{35439771-7B34-44EB-97C0-3F10B8C644A9}.AppStore|x64.ActiveCfg = Release|Any CPU
		{35439771-7B34-44EB-97C0-3F10B8C644A9}.AppStore|x64.Build.0 = Release|Any CPU
		{35439771-7B34-44EB-97C0-3F10B8C644A9}.AppStore|x64.Deploy.0 = Release|Any CPU
		{35439771-7B34-44EB-97C0-3F10B8C644A9}.AppStore|x86.ActiveCfg = Release|Any CPU
		{35439771-7B34-44EB-97C0-3F10B8C644A9}.AppStore|x86.Build.0 = Release|Any CPU
		{35439771-7B34-44EB-97C0-3F10B8C644A9}.AppStore|x86.Deploy.0 = Release|Any CPU
		{35439771-7B34-44EB-97C0-3F10B8C644A9}.Debug|Any CPU.ActiveCfg = Debug|Any CPU
		{35439771-7B34-44EB-97C0-3F10B8C644A9}.Debug|Any CPU.Build.0 = Debug|Any CPU
		{35439771-7B34-44EB-97C0-3F10B8C644A9}.Debug|Any CPU.Deploy.0 = Debug|Any CPU
		{35439771-7B34-44EB-97C0-3F10B8C644A9}.Debug|ARM.ActiveCfg = Debug|Any CPU
		{35439771-7B34-44EB-97C0-3F10B8C644A9}.Debug|ARM.Build.0 = Debug|Any CPU
		{35439771-7B34-44EB-97C0-3F10B8C644A9}.Debug|ARM.Deploy.0 = Debug|Any CPU
		{35439771-7B34-44EB-97C0-3F10B8C644A9}.Debug|iPhone.ActiveCfg = Debug|Any CPU
		{35439771-7B34-44EB-97C0-3F10B8C644A9}.Debug|iPhone.Build.0 = Debug|Any CPU
		{35439771-7B34-44EB-97C0-3F10B8C644A9}.Debug|iPhone.Deploy.0 = Debug|Any CPU
		{35439771-7B34-44EB-97C0-3F10B8C644A9}.Debug|iPhoneSimulator.ActiveCfg = Debug|Any CPU
		{35439771-7B34-44EB-97C0-3F10B8C644A9}.Debug|iPhoneSimulator.Build.0 = Debug|Any CPU
		{35439771-7B34-44EB-97C0-3F10B8C644A9}.Debug|iPhoneSimulator.Deploy.0 = Debug|Any CPU
		{35439771-7B34-44EB-97C0-3F10B8C644A9}.Debug|x64.ActiveCfg = Debug|Any CPU
		{35439771-7B34-44EB-97C0-3F10B8C644A9}.Debug|x64.Build.0 = Debug|Any CPU
		{35439771-7B34-44EB-97C0-3F10B8C644A9}.Debug|x64.Deploy.0 = Debug|Any CPU
		{35439771-7B34-44EB-97C0-3F10B8C644A9}.Debug|x86.ActiveCfg = Debug|Any CPU
		{35439771-7B34-44EB-97C0-3F10B8C644A9}.Debug|x86.Build.0 = Debug|Any CPU
		{35439771-7B34-44EB-97C0-3F10B8C644A9}.Debug|x86.Deploy.0 = Debug|Any CPU
		{35439771-7B34-44EB-97C0-3F10B8C644A9}.Release|Any CPU.ActiveCfg = Release|Any CPU
		{35439771-7B34-44EB-97C0-3F10B8C644A9}.Release|Any CPU.Build.0 = Release|Any CPU
		{35439771-7B34-44EB-97C0-3F10B8C644A9}.Release|Any CPU.Deploy.0 = Release|Any CPU
		{35439771-7B34-44EB-97C0-3F10B8C644A9}.Release|ARM.ActiveCfg = Release|Any CPU
		{35439771-7B34-44EB-97C0-3F10B8C644A9}.Release|ARM.Build.0 = Release|Any CPU
		{35439771-7B34-44EB-97C0-3F10B8C644A9}.Release|ARM.Deploy.0 = Release|Any CPU
		{35439771-7B34-44EB-97C0-3F10B8C644A9}.Release|iPhone.ActiveCfg = Release|Any CPU
		{35439771-7B34-44EB-97C0-3F10B8C644A9}.Release|iPhone.Build.0 = Release|Any CPU
		{35439771-7B34-44EB-97C0-3F10B8C644A9}.Release|iPhone.Deploy.0 = Release|Any CPU
		{35439771-7B34-44EB-97C0-3F10B8C644A9}.Release|iPhoneSimulator.ActiveCfg = Release|Any CPU
		{35439771-7B34-44EB-97C0-3F10B8C644A9}.Release|iPhoneSimulator.Build.0 = Release|Any CPU
		{35439771-7B34-44EB-97C0-3F10B8C644A9}.Release|iPhoneSimulator.Deploy.0 = Release|Any CPU
		{35439771-7B34-44EB-97C0-3F10B8C644A9}.Release|x64.ActiveCfg = Release|Any CPU
		{35439771-7B34-44EB-97C0-3F10B8C644A9}.Release|x64.Build.0 = Release|Any CPU
		{35439771-7B34-44EB-97C0-3F10B8C644A9}.Release|x64.Deploy.0 = Release|Any CPU
		{35439771-7B34-44EB-97C0-3F10B8C644A9}.Release|x86.ActiveCfg = Release|Any CPU
		{35439771-7B34-44EB-97C0-3F10B8C644A9}.Release|x86.Build.0 = Release|Any CPU
		{35439771-7B34-44EB-97C0-3F10B8C644A9}.Release|x86.Deploy.0 = Release|Any CPU
		{F12D905F-77EE-4ABF-B3EA-2F31ACE79335}.Ad-Hoc|Any CPU.ActiveCfg = Ad-Hoc|iPhone
		{F12D905F-77EE-4ABF-B3EA-2F31ACE79335}.Ad-Hoc|ARM.ActiveCfg = Ad-Hoc|iPhone
		{F12D905F-77EE-4ABF-B3EA-2F31ACE79335}.Ad-Hoc|iPhone.ActiveCfg = Ad-Hoc|iPhone
		{F12D905F-77EE-4ABF-B3EA-2F31ACE79335}.Ad-Hoc|iPhone.Build.0 = Ad-Hoc|iPhone
		{F12D905F-77EE-4ABF-B3EA-2F31ACE79335}.Ad-Hoc|iPhoneSimulator.ActiveCfg = Ad-Hoc|iPhoneSimulator
		{F12D905F-77EE-4ABF-B3EA-2F31ACE79335}.Ad-Hoc|iPhoneSimulator.Build.0 = Ad-Hoc|iPhoneSimulator
		{F12D905F-77EE-4ABF-B3EA-2F31ACE79335}.Ad-Hoc|x64.ActiveCfg = Ad-Hoc|iPhone
		{F12D905F-77EE-4ABF-B3EA-2F31ACE79335}.Ad-Hoc|x86.ActiveCfg = Ad-Hoc|iPhone
		{F12D905F-77EE-4ABF-B3EA-2F31ACE79335}.AppStore|Any CPU.ActiveCfg = AppStore|iPhone
		{F12D905F-77EE-4ABF-B3EA-2F31ACE79335}.AppStore|ARM.ActiveCfg = AppStore|iPhone
		{F12D905F-77EE-4ABF-B3EA-2F31ACE79335}.AppStore|iPhone.ActiveCfg = AppStore|iPhone
		{F12D905F-77EE-4ABF-B3EA-2F31ACE79335}.AppStore|iPhone.Build.0 = AppStore|iPhone
		{F12D905F-77EE-4ABF-B3EA-2F31ACE79335}.AppStore|iPhoneSimulator.ActiveCfg = AppStore|iPhoneSimulator
		{F12D905F-77EE-4ABF-B3EA-2F31ACE79335}.AppStore|iPhoneSimulator.Build.0 = AppStore|iPhoneSimulator
		{F12D905F-77EE-4ABF-B3EA-2F31ACE79335}.AppStore|x64.ActiveCfg = AppStore|iPhone
		{F12D905F-77EE-4ABF-B3EA-2F31ACE79335}.AppStore|x86.ActiveCfg = AppStore|iPhone
		{F12D905F-77EE-4ABF-B3EA-2F31ACE79335}.Debug|Any CPU.ActiveCfg = Debug|iPhone
		{F12D905F-77EE-4ABF-B3EA-2F31ACE79335}.Debug|ARM.ActiveCfg = Debug|iPhone
		{F12D905F-77EE-4ABF-B3EA-2F31ACE79335}.Debug|iPhone.ActiveCfg = Debug|iPhone
		{F12D905F-77EE-4ABF-B3EA-2F31ACE79335}.Debug|iPhone.Build.0 = Debug|iPhone
		{F12D905F-77EE-4ABF-B3EA-2F31ACE79335}.Debug|iPhoneSimulator.ActiveCfg = Debug|iPhoneSimulator
		{F12D905F-77EE-4ABF-B3EA-2F31ACE79335}.Debug|iPhoneSimulator.Build.0 = Debug|iPhoneSimulator
		{F12D905F-77EE-4ABF-B3EA-2F31ACE79335}.Debug|x64.ActiveCfg = Debug|iPhone
		{F12D905F-77EE-4ABF-B3EA-2F31ACE79335}.Debug|x86.ActiveCfg = Debug|iPhone
		{F12D905F-77EE-4ABF-B3EA-2F31ACE79335}.Release|Any CPU.ActiveCfg = Release|iPhone
		{F12D905F-77EE-4ABF-B3EA-2F31ACE79335}.Release|ARM.ActiveCfg = Release|iPhone
		{F12D905F-77EE-4ABF-B3EA-2F31ACE79335}.Release|iPhone.ActiveCfg = Release|iPhone
		{F12D905F-77EE-4ABF-B3EA-2F31ACE79335}.Release|iPhone.Build.0 = Release|iPhone
		{F12D905F-77EE-4ABF-B3EA-2F31ACE79335}.Release|iPhoneSimulator.ActiveCfg = Release|iPhoneSimulator
		{F12D905F-77EE-4ABF-B3EA-2F31ACE79335}.Release|iPhoneSimulator.Build.0 = Release|iPhoneSimulator
		{F12D905F-77EE-4ABF-B3EA-2F31ACE79335}.Release|x64.ActiveCfg = Release|iPhone
		{F12D905F-77EE-4ABF-B3EA-2F31ACE79335}.Release|x86.ActiveCfg = Release|iPhone
		{BE53139E-8DB4-422D-8AF3-4C004D5A0C39}.Ad-Hoc|Any CPU.ActiveCfg = Release|x64
		{BE53139E-8DB4-422D-8AF3-4C004D5A0C39}.Ad-Hoc|Any CPU.Build.0 = Release|x64
		{BE53139E-8DB4-422D-8AF3-4C004D5A0C39}.Ad-Hoc|Any CPU.Deploy.0 = Release|x64
		{BE53139E-8DB4-422D-8AF3-4C004D5A0C39}.Ad-Hoc|ARM.ActiveCfg = Release|ARM
		{BE53139E-8DB4-422D-8AF3-4C004D5A0C39}.Ad-Hoc|ARM.Build.0 = Release|ARM
		{BE53139E-8DB4-422D-8AF3-4C004D5A0C39}.Ad-Hoc|ARM.Deploy.0 = Release|ARM
		{BE53139E-8DB4-422D-8AF3-4C004D5A0C39}.Ad-Hoc|iPhone.ActiveCfg = Release|x64
		{BE53139E-8DB4-422D-8AF3-4C004D5A0C39}.Ad-Hoc|iPhone.Build.0 = Release|x64
		{BE53139E-8DB4-422D-8AF3-4C004D5A0C39}.Ad-Hoc|iPhone.Deploy.0 = Release|x64
		{BE53139E-8DB4-422D-8AF3-4C004D5A0C39}.Ad-Hoc|iPhoneSimulator.ActiveCfg = Release|x64
		{BE53139E-8DB4-422D-8AF3-4C004D5A0C39}.Ad-Hoc|iPhoneSimulator.Build.0 = Release|x64
		{BE53139E-8DB4-422D-8AF3-4C004D5A0C39}.Ad-Hoc|iPhoneSimulator.Deploy.0 = Release|x64
		{BE53139E-8DB4-422D-8AF3-4C004D5A0C39}.Ad-Hoc|x64.ActiveCfg = Release|x64
		{BE53139E-8DB4-422D-8AF3-4C004D5A0C39}.Ad-Hoc|x64.Build.0 = Release|x64
		{BE53139E-8DB4-422D-8AF3-4C004D5A0C39}.Ad-Hoc|x64.Deploy.0 = Release|x64
		{BE53139E-8DB4-422D-8AF3-4C004D5A0C39}.Ad-Hoc|x86.ActiveCfg = Release|x86
		{BE53139E-8DB4-422D-8AF3-4C004D5A0C39}.Ad-Hoc|x86.Build.0 = Release|x86
		{BE53139E-8DB4-422D-8AF3-4C004D5A0C39}.Ad-Hoc|x86.Deploy.0 = Release|x86
		{BE53139E-8DB4-422D-8AF3-4C004D5A0C39}.AppStore|Any CPU.ActiveCfg = Release|x64
		{BE53139E-8DB4-422D-8AF3-4C004D5A0C39}.AppStore|Any CPU.Build.0 = Release|x64
		{BE53139E-8DB4-422D-8AF3-4C004D5A0C39}.AppStore|Any CPU.Deploy.0 = Release|x64
		{BE53139E-8DB4-422D-8AF3-4C004D5A0C39}.AppStore|ARM.ActiveCfg = Release|ARM
		{BE53139E-8DB4-422D-8AF3-4C004D5A0C39}.AppStore|ARM.Build.0 = Release|ARM
		{BE53139E-8DB4-422D-8AF3-4C004D5A0C39}.AppStore|ARM.Deploy.0 = Release|ARM
		{BE53139E-8DB4-422D-8AF3-4C004D5A0C39}.AppStore|iPhone.ActiveCfg = Release|x64
		{BE53139E-8DB4-422D-8AF3-4C004D5A0C39}.AppStore|iPhone.Build.0 = Release|x64
		{BE53139E-8DB4-422D-8AF3-4C004D5A0C39}.AppStore|iPhone.Deploy.0 = Release|x64
		{BE53139E-8DB4-422D-8AF3-4C004D5A0C39}.AppStore|iPhoneSimulator.ActiveCfg = Release|x64
		{BE53139E-8DB4-422D-8AF3-4C004D5A0C39}.AppStore|iPhoneSimulator.Build.0 = Release|x64
		{BE53139E-8DB4-422D-8AF3-4C004D5A0C39}.AppStore|iPhoneSimulator.Deploy.0 = Release|x64
		{BE53139E-8DB4-422D-8AF3-4C004D5A0C39}.AppStore|x64.ActiveCfg = Release|x64
		{BE53139E-8DB4-422D-8AF3-4C004D5A0C39}.AppStore|x64.Build.0 = Release|x64
		{BE53139E-8DB4-422D-8AF3-4C004D5A0C39}.AppStore|x64.Deploy.0 = Release|x64
		{BE53139E-8DB4-422D-8AF3-4C004D5A0C39}.AppStore|x86.ActiveCfg = Release|x86
		{BE53139E-8DB4-422D-8AF3-4C004D5A0C39}.AppStore|x86.Build.0 = Release|x86
		{BE53139E-8DB4-422D-8AF3-4C004D5A0C39}.AppStore|x86.Deploy.0 = Release|x86
		{BE53139E-8DB4-422D-8AF3-4C004D5A0C39}.Debug|Any CPU.ActiveCfg = Debug|x86
		{BE53139E-8DB4-422D-8AF3-4C004D5A0C39}.Debug|ARM.ActiveCfg = Debug|ARM
		{BE53139E-8DB4-422D-8AF3-4C004D5A0C39}.Debug|ARM.Build.0 = Debug|ARM
		{BE53139E-8DB4-422D-8AF3-4C004D5A0C39}.Debug|ARM.Deploy.0 = Debug|ARM
		{BE53139E-8DB4-422D-8AF3-4C004D5A0C39}.Debug|iPhone.ActiveCfg = Debug|x86
		{BE53139E-8DB4-422D-8AF3-4C004D5A0C39}.Debug|iPhoneSimulator.ActiveCfg = Debug|x86
		{BE53139E-8DB4-422D-8AF3-4C004D5A0C39}.Debug|x64.ActiveCfg = Debug|x64
		{BE53139E-8DB4-422D-8AF3-4C004D5A0C39}.Debug|x64.Build.0 = Debug|x64
		{BE53139E-8DB4-422D-8AF3-4C004D5A0C39}.Debug|x64.Deploy.0 = Debug|x64
		{BE53139E-8DB4-422D-8AF3-4C004D5A0C39}.Debug|x86.ActiveCfg = Debug|x86
		{BE53139E-8DB4-422D-8AF3-4C004D5A0C39}.Debug|x86.Build.0 = Debug|x86
		{BE53139E-8DB4-422D-8AF3-4C004D5A0C39}.Debug|x86.Deploy.0 = Debug|x86
		{BE53139E-8DB4-422D-8AF3-4C004D5A0C39}.Release|Any CPU.ActiveCfg = Release|x86
		{BE53139E-8DB4-422D-8AF3-4C004D5A0C39}.Release|ARM.ActiveCfg = Release|ARM
		{BE53139E-8DB4-422D-8AF3-4C004D5A0C39}.Release|ARM.Build.0 = Release|ARM
		{BE53139E-8DB4-422D-8AF3-4C004D5A0C39}.Release|ARM.Deploy.0 = Release|ARM
		{BE53139E-8DB4-422D-8AF3-4C004D5A0C39}.Release|iPhone.ActiveCfg = Release|x86
		{BE53139E-8DB4-422D-8AF3-4C004D5A0C39}.Release|iPhoneSimulator.ActiveCfg = Release|x86
		{BE53139E-8DB4-422D-8AF3-4C004D5A0C39}.Release|x64.ActiveCfg = Release|x64
		{BE53139E-8DB4-422D-8AF3-4C004D5A0C39}.Release|x64.Build.0 = Release|x64
		{BE53139E-8DB4-422D-8AF3-4C004D5A0C39}.Release|x64.Deploy.0 = Release|x64
		{BE53139E-8DB4-422D-8AF3-4C004D5A0C39}.Release|x86.ActiveCfg = Release|x86
		{BE53139E-8DB4-422D-8AF3-4C004D5A0C39}.Release|x86.Build.0 = Release|x86
		{BE53139E-8DB4-422D-8AF3-4C004D5A0C39}.Release|x86.Deploy.0 = Release|x86
	EndGlobalSection
	GlobalSection(SolutionProperties) = preSolution
		HideSolutionNode = FALSE
	EndGlobalSection
EndGlobal
