
Microsoft Visual Studio Solution File, Format Version 12.00
# Visual Studio 15
VisualStudioVersion = 15.0.26430.6
MinimumVisualStudioVersion = 10.0.40219.1
Project("{9A19103F-16F7-4668-BE54-9A1E7A4F7556}") = "Iconize.Sample", "Iconize.Sample\Iconize.Sample.csproj", "{37B28D65-4D60-4AA7-ABF3-6B644C6FAD0E}"
EndProject
Project("{FAE04EC0-301F-11D3-BF4B-00C04F79EFBC}") = "Iconize.Sample.Android", "Iconize.Sample.Android\Iconize.Sample.Android.csproj", "{8D2E6A67-66D8-4D33-B11E-5B048326AD22}"
EndProject
Project("{FAE04EC0-301F-11D3-BF4B-00C04F79EFBC}") = "Iconize.Sample.iOS", "Iconize.Sample.iOS\Iconize.Sample.iOS.csproj", "{D68BB77E-6229-4066-8EBD-A0E156760A59}"
EndProject
Project("{FAE04EC0-301F-11D3-BF4B-00C04F79EFBC}") = "Iconize.Sample.UWP", "Iconize.Sample.UWP\Iconize.Sample.UWP.csproj", "{F7A7B213-3304-4897-8465-906D114E9D9C}"
EndProject
Global
	GlobalSection(SolutionConfigurationPlatforms) = preSolution
		Ad-Hoc|Any CPU = Ad-Hoc|Any CPU
		Ad-Hoc|ARM = Ad-Hoc|ARM
		Ad-Hoc|iPhone = Ad-Hoc|iPhone
		Ad-Hoc|iPhoneSimulator = Ad-Hoc|iPhoneSimulator
		Ad-Hoc|x64 = Ad-Hoc|x64
		Ad-Hoc|x86 = Ad-Hoc|x86
		AppStore|Any CPU = AppStore|Any CPU
		AppStore|ARM = AppStore|ARM
		AppStore|iPhone = AppStore|iPhone
		AppStore|iPhoneSimulator = AppStore|iPhoneSimulator
		AppStore|x64 = AppStore|x64
		AppStore|x86 = AppStore|x86
		Debug|Any CPU = Debug|Any CPU
		Debug|ARM = Debug|ARM
		Debug|iPhone = Debug|iPhone
		Debug|iPhoneSimulator = Debug|iPhoneSimulator
		Debug|x64 = Debug|x64
		Debug|x86 = Debug|x86
		Release|Any CPU = Release|Any CPU
		Release|ARM = Release|ARM
		Release|iPhone = Release|iPhone
		Release|iPhoneSimulator = Release|iPhoneSimulator
		Release|x64 = Release|x64
		Release|x86 = Release|x86
	EndGlobalSection
	GlobalSection(ProjectConfigurationPlatforms) = postSolution
		{37B28D65-4D60-4AA7-ABF3-6B644C6FAD0E}.Ad-Hoc|Any CPU.ActiveCfg = Debug|Any CPU
		{37B28D65-4D60-4AA7-ABF3-6B644C6FAD0E}.Ad-Hoc|Any CPU.Build.0 = Debug|Any CPU
		{37B28D65-4D60-4AA7-ABF3-6B644C6FAD0E}.Ad-Hoc|ARM.ActiveCfg = Release|Any CPU
		{37B28D65-4D60-4AA7-ABF3-6B644C6FAD0E}.Ad-Hoc|ARM.Build.0 = Release|Any CPU
		{37B28D65-4D60-4AA7-ABF3-6B644C6FAD0E}.Ad-Hoc|iPhone.ActiveCfg = Debug|Any CPU
		{37B28D65-4D60-4AA7-ABF3-6B644C6FAD0E}.Ad-Hoc|iPhone.Build.0 = Debug|Any CPU
		{37B28D65-4D60-4AA7-ABF3-6B644C6FAD0E}.Ad-Hoc|iPhoneSimulator.ActiveCfg = Debug|Any CPU
		{37B28D65-4D60-4AA7-ABF3-6B644C6FAD0E}.Ad-Hoc|iPhoneSimulator.Build.0 = Debug|Any CPU
		{37B28D65-4D60-4AA7-ABF3-6B644C6FAD0E}.Ad-Hoc|x64.ActiveCfg = Release|Any CPU
		{37B28D65-4D60-4AA7-ABF3-6B644C6FAD0E}.Ad-Hoc|x64.Build.0 = Release|Any CPU
		{37B28D65-4D60-4AA7-ABF3-6B644C6FAD0E}.Ad-Hoc|x86.ActiveCfg = Release|Any CPU
		{37B28D65-4D60-4AA7-ABF3-6B644C6FAD0E}.Ad-Hoc|x86.Build.0 = Release|Any CPU
		{37B28D65-4D60-4AA7-ABF3-6B644C6FAD0E}.AppStore|Any CPU.ActiveCfg = Debug|Any CPU
		{37B28D65-4D60-4AA7-ABF3-6B644C6FAD0E}.AppStore|Any CPU.Build.0 = Debug|Any CPU
		{37B28D65-4D60-4AA7-ABF3-6B644C6FAD0E}.AppStore|ARM.ActiveCfg = Release|Any CPU
		{37B28D65-4D60-4AA7-ABF3-6B644C6FAD0E}.AppStore|ARM.Build.0 = Release|Any CPU
		{37B28D65-4D60-4AA7-ABF3-6B644C6FAD0E}.AppStore|iPhone.ActiveCfg = Debug|Any CPU
		{37B28D65-4D60-4AA7-ABF3-6B644C6FAD0E}.AppStore|iPhone.Build.0 = Debug|Any CPU
		{37B28D65-4D60-4AA7-ABF3-6B644C6FAD0E}.AppStore|iPhoneSimulator.ActiveCfg = Debug|Any CPU
		{37B28D65-4D60-4AA7-ABF3-6B644C6FAD0E}.AppStore|iPhoneSimulator.Build.0 = Debug|Any CPU
		{37B28D65-4D60-4AA7-ABF3-6B644C6FAD0E}.AppStore|x64.ActiveCfg = Release|Any CPU
		{37B28D65-4D60-4AA7-ABF3-6B644C6FAD0E}.AppStore|x64.Build.0 = Release|Any CPU
		{37B28D65-4D60-4AA7-ABF3-6B644C6FAD0E}.AppStore|x86.ActiveCfg = Release|Any CPU
		{37B28D65-4D60-4AA7-ABF3-6B644C6FAD0E}.AppStore|x86.Build.0 = Release|Any CPU
		{37B28D65-4D60-4AA7-ABF3-6B644C6FAD0E}.Debug|Any CPU.ActiveCfg = Debug|Any CPU
		{37B28D65-4D60-4AA7-ABF3-6B644C6FAD0E}.Debug|Any CPU.Build.0 = Debug|Any CPU
		{37B28D65-4D60-4AA7-ABF3-6B644C6FAD0E}.Debug|ARM.ActiveCfg = Debug|Any CPU
		{37B28D65-4D60-4AA7-ABF3-6B644C6FAD0E}.Debug|ARM.Build.0 = Debug|Any CPU
		{37B28D65-4D60-4AA7-ABF3-6B644C6FAD0E}.Debug|iPhone.ActiveCfg = Debug|Any CPU
		{37B28D65-4D60-4AA7-ABF3-6B644C6FAD0E}.Debug|iPhone.Build.0 = Debug|Any CPU
		{37B28D65-4D60-4AA7-ABF3-6B644C6FAD0E}.Debug|iPhoneSimulator.ActiveCfg = Debug|Any CPU
		{37B28D65-4D60-4AA7-ABF3-6B644C6FAD0E}.Debug|iPhoneSimulator.Build.0 = Debug|Any CPU
		{37B28D65-4D60-4AA7-ABF3-6B644C6FAD0E}.Debug|x64.ActiveCfg = Debug|Any CPU
		{37B28D65-4D60-4AA7-ABF3-6B644C6FAD0E}.Debug|x64.Build.0 = Debug|Any CPU
		{37B28D65-4D60-4AA7-ABF3-6B644C6FAD0E}.Debug|x86.ActiveCfg = Debug|Any CPU
		{37B28D65-4D60-4AA7-ABF3-6B644C6FAD0E}.Debug|x86.Build.0 = Debug|Any CPU
		{37B28D65-4D60-4AA7-ABF3-6B644C6FAD0E}.Release|Any CPU.ActiveCfg = Release|Any CPU
		{37B28D65-4D60-4AA7-ABF3-6B644C6FAD0E}.Release|Any CPU.Build.0 = Release|Any CPU
		{37B28D65-4D60-4AA7-ABF3-6B644C6FAD0E}.Release|ARM.ActiveCfg = Release|Any CPU
		{37B28D65-4D60-4AA7-ABF3-6B644C6FAD0E}.Release|ARM.Build.0 = Release|Any CPU
		{37B28D65-4D60-4AA7-ABF3-6B644C6FAD0E}.Release|iPhone.ActiveCfg = Release|Any CPU
		{37B28D65-4D60-4AA7-ABF3-6B644C6FAD0E}.Release|iPhone.Build.0 = Release|Any CPU
		{37B28D65-4D60-4AA7-ABF3-6B644C6FAD0E}.Release|iPhoneSimulator.ActiveCfg = Release|Any CPU
		{37B28D65-4D60-4AA7-ABF3-6B644C6FAD0E}.Release|iPhoneSimulator.Build.0 = Release|Any CPU
		{37B28D65-4D60-4AA7-ABF3-6B644C6FAD0E}.Release|x64.ActiveCfg = Release|Any CPU
		{37B28D65-4D60-4AA7-ABF3-6B644C6FAD0E}.Release|x64.Build.0 = Release|Any CPU
		{37B28D65-4D60-4AA7-ABF3-6B644C6FAD0E}.Release|x86.ActiveCfg = Release|Any CPU
		{37B28D65-4D60-4AA7-ABF3-6B644C6FAD0E}.Release|x86.Build.0 = Release|Any CPU
		{8D2E6A67-66D8-4D33-B11E-5B048326AD22}.Ad-Hoc|Any CPU.ActiveCfg = Release|Any CPU
		{8D2E6A67-66D8-4D33-B11E-5B048326AD22}.Ad-Hoc|Any CPU.Build.0 = Release|Any CPU
		{8D2E6A67-66D8-4D33-B11E-5B048326AD22}.Ad-Hoc|Any CPU.Deploy.0 = Release|Any CPU
		{8D2E6A67-66D8-4D33-B11E-5B048326AD22}.Ad-Hoc|ARM.ActiveCfg = Debug|Any CPU
		{8D2E6A67-66D8-4D33-B11E-5B048326AD22}.Ad-Hoc|iPhone.ActiveCfg = Release|Any CPU
		{8D2E6A67-66D8-4D33-B11E-5B048326AD22}.Ad-Hoc|iPhone.Build.0 = Release|Any CPU
		{8D2E6A67-66D8-4D33-B11E-5B048326AD22}.Ad-Hoc|iPhone.Deploy.0 = Release|Any CPU
		{8D2E6A67-66D8-4D33-B11E-5B048326AD22}.Ad-Hoc|iPhoneSimulator.ActiveCfg = Release|Any CPU
		{8D2E6A67-66D8-4D33-B11E-5B048326AD22}.Ad-Hoc|iPhoneSimulator.Build.0 = Release|Any CPU
		{8D2E6A67-66D8-4D33-B11E-5B048326AD22}.Ad-Hoc|iPhoneSimulator.Deploy.0 = Release|Any CPU
		{8D2E6A67-66D8-4D33-B11E-5B048326AD22}.Ad-Hoc|x64.ActiveCfg = Debug|Any CPU
		{8D2E6A67-66D8-4D33-B11E-5B048326AD22}.Ad-Hoc|x86.ActiveCfg = Debug|Any CPU
		{8D2E6A67-66D8-4D33-B11E-5B048326AD22}.AppStore|Any CPU.ActiveCfg = Release|Any CPU
		{8D2E6A67-66D8-4D33-B11E-5B048326AD22}.AppStore|Any CPU.Build.0 = Release|Any CPU
		{8D2E6A67-66D8-4D33-B11E-5B048326AD22}.AppStore|Any CPU.Deploy.0 = Release|Any CPU
		{8D2E6A67-66D8-4D33-B11E-5B048326AD22}.AppStore|ARM.ActiveCfg = Debug|Any CPU
		{8D2E6A67-66D8-4D33-B11E-5B048326AD22}.AppStore|iPhone.ActiveCfg = Release|Any CPU
		{8D2E6A67-66D8-4D33-B11E-5B048326AD22}.AppStore|iPhone.Build.0 = Release|Any CPU
		{8D2E6A67-66D8-4D33-B11E-5B048326AD22}.AppStore|iPhone.Deploy.0 = Release|Any CPU
		{8D2E6A67-66D8-4D33-B11E-5B048326AD22}.AppStore|iPhoneSimulator.ActiveCfg = Release|Any CPU
		{8D2E6A67-66D8-4D33-B11E-5B048326AD22}.AppStore|iPhoneSimulator.Build.0 = Release|Any CPU
		{8D2E6A67-66D8-4D33-B11E-5B048326AD22}.AppStore|iPhoneSimulator.Deploy.0 = Release|Any CPU
		{8D2E6A67-66D8-4D33-B11E-5B048326AD22}.AppStore|x64.ActiveCfg = Debug|Any CPU
		{8D2E6A67-66D8-4D33-B11E-5B048326AD22}.AppStore|x86.ActiveCfg = Debug|Any CPU
		{8D2E6A67-66D8-4D33-B11E-5B048326AD22}.Debug|Any CPU.ActiveCfg = Debug|Any CPU
		{8D2E6A67-66D8-4D33-B11E-5B048326AD22}.Debug|Any CPU.Build.0 = Debug|Any CPU
		{8D2E6A67-66D8-4D33-B11E-5B048326AD22}.Debug|Any CPU.Deploy.0 = Debug|Any CPU
		{8D2E6A67-66D8-4D33-B11E-5B048326AD22}.Debug|ARM.ActiveCfg = Debug|Any CPU
		{8D2E6A67-66D8-4D33-B11E-5B048326AD22}.Debug|iPhone.ActiveCfg = Debug|Any CPU
		{8D2E6A67-66D8-4D33-B11E-5B048326AD22}.Debug|iPhone.Build.0 = Debug|Any CPU
		{8D2E6A67-66D8-4D33-B11E-5B048326AD22}.Debug|iPhone.Deploy.0 = Debug|Any CPU
		{8D2E6A67-66D8-4D33-B11E-5B048326AD22}.Debug|iPhoneSimulator.ActiveCfg = Debug|Any CPU
		{8D2E6A67-66D8-4D33-B11E-5B048326AD22}.Debug|iPhoneSimulator.Build.0 = Debug|Any CPU
		{8D2E6A67-66D8-4D33-B11E-5B048326AD22}.Debug|iPhoneSimulator.Deploy.0 = Debug|Any CPU
		{8D2E6A67-66D8-4D33-B11E-5B048326AD22}.Debug|x64.ActiveCfg = Debug|Any CPU
		{8D2E6A67-66D8-4D33-B11E-5B048326AD22}.Debug|x86.ActiveCfg = Debug|Any CPU
		{8D2E6A67-66D8-4D33-B11E-5B048326AD22}.Release|Any CPU.ActiveCfg = Release|Any CPU
		{8D2E6A67-66D8-4D33-B11E-5B048326AD22}.Release|Any CPU.Build.0 = Release|Any CPU
		{8D2E6A67-66D8-4D33-B11E-5B048326AD22}.Release|Any CPU.Deploy.0 = Release|Any CPU
		{8D2E6A67-66D8-4D33-B11E-5B048326AD22}.Release|ARM.ActiveCfg = Release|Any CPU
		{8D2E6A67-66D8-4D33-B11E-5B048326AD22}.Release|iPhone.ActiveCfg = Release|Any CPU
		{8D2E6A67-66D8-4D33-B11E-5B048326AD22}.Release|iPhone.Build.0 = Release|Any CPU
		{8D2E6A67-66D8-4D33-B11E-5B048326AD22}.Release|iPhone.Deploy.0 = Release|Any CPU
		{8D2E6A67-66D8-4D33-B11E-5B048326AD22}.Release|iPhoneSimulator.ActiveCfg = Release|Any CPU
		{8D2E6A67-66D8-4D33-B11E-5B048326AD22}.Release|iPhoneSimulator.Build.0 = Release|Any CPU
		{8D2E6A67-66D8-4D33-B11E-5B048326AD22}.Release|iPhoneSimulator.Deploy.0 = Release|Any CPU
		{8D2E6A67-66D8-4D33-B11E-5B048326AD22}.Release|x64.ActiveCfg = Release|Any CPU
		{8D2E6A67-66D8-4D33-B11E-5B048326AD22}.Release|x86.ActiveCfg = Release|Any CPU
		{D68BB77E-6229-4066-8EBD-A0E156760A59}.Ad-Hoc|Any CPU.ActiveCfg = Ad-Hoc|iPhone
		{D68BB77E-6229-4066-8EBD-A0E156760A59}.Ad-Hoc|ARM.ActiveCfg = Ad-Hoc|iPhoneSimulator
		{D68BB77E-6229-4066-8EBD-A0E156760A59}.Ad-Hoc|iPhone.ActiveCfg = Ad-Hoc|iPhone
		{D68BB77E-6229-4066-8EBD-A0E156760A59}.Ad-Hoc|iPhone.Build.0 = Ad-Hoc|iPhone
		{D68BB77E-6229-4066-8EBD-A0E156760A59}.Ad-Hoc|iPhoneSimulator.ActiveCfg = Ad-Hoc|iPhoneSimulator
		{D68BB77E-6229-4066-8EBD-A0E156760A59}.Ad-Hoc|iPhoneSimulator.Build.0 = Ad-Hoc|iPhoneSimulator
		{D68BB77E-6229-4066-8EBD-A0E156760A59}.Ad-Hoc|x64.ActiveCfg = Ad-Hoc|iPhoneSimulator
		{D68BB77E-6229-4066-8EBD-A0E156760A59}.Ad-Hoc|x86.ActiveCfg = Ad-Hoc|iPhoneSimulator
		{D68BB77E-6229-4066-8EBD-A0E156760A59}.AppStore|Any CPU.ActiveCfg = AppStore|iPhone
		{D68BB77E-6229-4066-8EBD-A0E156760A59}.AppStore|ARM.ActiveCfg = AppStore|iPhoneSimulator
		{D68BB77E-6229-4066-8EBD-A0E156760A59}.AppStore|iPhone.ActiveCfg = AppStore|iPhone
		{D68BB77E-6229-4066-8EBD-A0E156760A59}.AppStore|iPhone.Build.0 = AppStore|iPhone
		{D68BB77E-6229-4066-8EBD-A0E156760A59}.AppStore|iPhoneSimulator.ActiveCfg = AppStore|iPhoneSimulator
		{D68BB77E-6229-4066-8EBD-A0E156760A59}.AppStore|iPhoneSimulator.Build.0 = AppStore|iPhoneSimulator
		{D68BB77E-6229-4066-8EBD-A0E156760A59}.AppStore|x64.ActiveCfg = AppStore|iPhoneSimulator
		{D68BB77E-6229-4066-8EBD-A0E156760A59}.AppStore|x86.ActiveCfg = AppStore|iPhoneSimulator
		{D68BB77E-6229-4066-8EBD-A0E156760A59}.Debug|Any CPU.ActiveCfg = Debug|iPhone
		{D68BB77E-6229-4066-8EBD-A0E156760A59}.Debug|ARM.ActiveCfg = Debug|iPhoneSimulator
		{D68BB77E-6229-4066-8EBD-A0E156760A59}.Debug|iPhone.ActiveCfg = Debug|iPhone
		{D68BB77E-6229-4066-8EBD-A0E156760A59}.Debug|iPhone.Build.0 = Debug|iPhone
		{D68BB77E-6229-4066-8EBD-A0E156760A59}.Debug|iPhoneSimulator.ActiveCfg = Debug|iPhoneSimulator
		{D68BB77E-6229-4066-8EBD-A0E156760A59}.Debug|iPhoneSimulator.Build.0 = Debug|iPhoneSimulator
		{D68BB77E-6229-4066-8EBD-A0E156760A59}.Debug|x64.ActiveCfg = Debug|iPhoneSimulator
		{D68BB77E-6229-4066-8EBD-A0E156760A59}.Debug|x86.ActiveCfg = Debug|iPhoneSimulator
		{D68BB77E-6229-4066-8EBD-A0E156760A59}.Release|Any CPU.ActiveCfg = Release|iPhone
		{D68BB77E-6229-4066-8EBD-A0E156760A59}.Release|ARM.ActiveCfg = Release|iPhoneSimulator
		{D68BB77E-6229-4066-8EBD-A0E156760A59}.Release|iPhone.ActiveCfg = Release|iPhone
		{D68BB77E-6229-4066-8EBD-A0E156760A59}.Release|iPhone.Build.0 = Release|iPhone
		{D68BB77E-6229-4066-8EBD-A0E156760A59}.Release|iPhoneSimulator.ActiveCfg = Release|iPhoneSimulator
		{D68BB77E-6229-4066-8EBD-A0E156760A59}.Release|iPhoneSimulator.Build.0 = Release|iPhoneSimulator
		{D68BB77E-6229-4066-8EBD-A0E156760A59}.Release|x64.ActiveCfg = Release|iPhoneSimulator
		{D68BB77E-6229-4066-8EBD-A0E156760A59}.Release|x86.ActiveCfg = Release|iPhoneSimulator
		{F7A7B213-3304-4897-8465-906D114E9D9C}.Ad-Hoc|Any CPU.ActiveCfg = Release|x86
		{F7A7B213-3304-4897-8465-906D114E9D9C}.Ad-Hoc|Any CPU.Build.0 = Release|x86
		{F7A7B213-3304-4897-8465-906D114E9D9C}.Ad-Hoc|Any CPU.Deploy.0 = Release|x86
		{F7A7B213-3304-4897-8465-906D114E9D9C}.Ad-Hoc|ARM.ActiveCfg = Release|ARM
		{F7A7B213-3304-4897-8465-906D114E9D9C}.Ad-Hoc|ARM.Build.0 = Release|ARM
		{F7A7B213-3304-4897-8465-906D114E9D9C}.Ad-Hoc|ARM.Deploy.0 = Release|ARM
		{F7A7B213-3304-4897-8465-906D114E9D9C}.Ad-Hoc|iPhone.ActiveCfg = Release|x86
		{F7A7B213-3304-4897-8465-906D114E9D9C}.Ad-Hoc|iPhone.Build.0 = Release|x86
		{F7A7B213-3304-4897-8465-906D114E9D9C}.Ad-Hoc|iPhone.Deploy.0 = Release|x86
		{F7A7B213-3304-4897-8465-906D114E9D9C}.Ad-Hoc|iPhoneSimulator.ActiveCfg = Release|x86
		{F7A7B213-3304-4897-8465-906D114E9D9C}.Ad-Hoc|iPhoneSimulator.Build.0 = Release|x86
		{F7A7B213-3304-4897-8465-906D114E9D9C}.Ad-Hoc|iPhoneSimulator.Deploy.0 = Release|x86
		{F7A7B213-3304-4897-8465-906D114E9D9C}.Ad-Hoc|x64.ActiveCfg = Release|x64
		{F7A7B213-3304-4897-8465-906D114E9D9C}.Ad-Hoc|x64.Build.0 = Release|x64
		{F7A7B213-3304-4897-8465-906D114E9D9C}.Ad-Hoc|x64.Deploy.0 = Release|x64
		{F7A7B213-3304-4897-8465-906D114E9D9C}.Ad-Hoc|x86.ActiveCfg = Release|x86
		{F7A7B213-3304-4897-8465-906D114E9D9C}.Ad-Hoc|x86.Build.0 = Release|x86
		{F7A7B213-3304-4897-8465-906D114E9D9C}.Ad-Hoc|x86.Deploy.0 = Release|x86
		{F7A7B213-3304-4897-8465-906D114E9D9C}.AppStore|Any CPU.ActiveCfg = Release|x86
		{F7A7B213-3304-4897-8465-906D114E9D9C}.AppStore|Any CPU.Build.0 = Release|x86
		{F7A7B213-3304-4897-8465-906D114E9D9C}.AppStore|Any CPU.Deploy.0 = Release|x86
		{F7A7B213-3304-4897-8465-906D114E9D9C}.AppStore|ARM.ActiveCfg = Release|ARM
		{F7A7B213-3304-4897-8465-906D114E9D9C}.AppStore|ARM.Build.0 = Release|ARM
		{F7A7B213-3304-4897-8465-906D114E9D9C}.AppStore|ARM.Deploy.0 = Release|ARM
		{F7A7B213-3304-4897-8465-906D114E9D9C}.AppStore|iPhone.ActiveCfg = Release|x86
		{F7A7B213-3304-4897-8465-906D114E9D9C}.AppStore|iPhone.Build.0 = Release|x86
		{F7A7B213-3304-4897-8465-906D114E9D9C}.AppStore|iPhone.Deploy.0 = Release|x86
		{F7A7B213-3304-4897-8465-906D114E9D9C}.AppStore|iPhoneSimulator.ActiveCfg = Release|x86
		{F7A7B213-3304-4897-8465-906D114E9D9C}.AppStore|iPhoneSimulator.Build.0 = Release|x86
		{F7A7B213-3304-4897-8465-906D114E9D9C}.AppStore|iPhoneSimulator.Deploy.0 = Release|x86
		{F7A7B213-3304-4897-8465-906D114E9D9C}.AppStore|x64.ActiveCfg = Release|x64
		{F7A7B213-3304-4897-8465-906D114E9D9C}.AppStore|x64.Build.0 = Release|x64
		{F7A7B213-3304-4897-8465-906D114E9D9C}.AppStore|x64.Deploy.0 = Release|x64
		{F7A7B213-3304-4897-8465-906D114E9D9C}.AppStore|x86.ActiveCfg = Release|x86
		{F7A7B213-3304-4897-8465-906D114E9D9C}.AppStore|x86.Build.0 = Release|x86
		{F7A7B213-3304-4897-8465-906D114E9D9C}.AppStore|x86.Deploy.0 = Release|x86
		{F7A7B213-3304-4897-8465-906D114E9D9C}.Debug|Any CPU.ActiveCfg = Debug|x86
		{F7A7B213-3304-4897-8465-906D114E9D9C}.Debug|ARM.ActiveCfg = Debug|ARM
		{F7A7B213-3304-4897-8465-906D114E9D9C}.Debug|ARM.Build.0 = Debug|ARM
		{F7A7B213-3304-4897-8465-906D114E9D9C}.Debug|ARM.Deploy.0 = Debug|ARM
		{F7A7B213-3304-4897-8465-906D114E9D9C}.Debug|iPhone.ActiveCfg = Debug|x86
		{F7A7B213-3304-4897-8465-906D114E9D9C}.Debug|iPhoneSimulator.ActiveCfg = Debug|x86
		{F7A7B213-3304-4897-8465-906D114E9D9C}.Debug|x64.ActiveCfg = Debug|x64
		{F7A7B213-3304-4897-8465-906D114E9D9C}.Debug|x64.Build.0 = Debug|x64
		{F7A7B213-3304-4897-8465-906D114E9D9C}.Debug|x64.Deploy.0 = Debug|x64
		{F7A7B213-3304-4897-8465-906D114E9D9C}.Debug|x86.ActiveCfg = Debug|x86
		{F7A7B213-3304-4897-8465-906D114E9D9C}.Debug|x86.Build.0 = Debug|x86
		{F7A7B213-3304-4897-8465-906D114E9D9C}.Debug|x86.Deploy.0 = Debug|x86
		{F7A7B213-3304-4897-8465-906D114E9D9C}.Release|Any CPU.ActiveCfg = Release|x86
		{F7A7B213-3304-4897-8465-906D114E9D9C}.Release|ARM.ActiveCfg = Release|ARM
		{F7A7B213-3304-4897-8465-906D114E9D9C}.Release|ARM.Build.0 = Release|ARM
		{F7A7B213-3304-4897-8465-906D114E9D9C}.Release|ARM.Deploy.0 = Release|ARM
		{F7A7B213-3304-4897-8465-906D114E9D9C}.Release|iPhone.ActiveCfg = Release|x86
		{F7A7B213-3304-4897-8465-906D114E9D9C}.Release|iPhoneSimulator.ActiveCfg = Release|x86
		{F7A7B213-3304-4897-8465-906D114E9D9C}.Release|x64.ActiveCfg = Release|x64
		{F7A7B213-3304-4897-8465-906D114E9D9C}.Release|x64.Build.0 = Release|x64
		{F7A7B213-3304-4897-8465-906D114E9D9C}.Release|x64.Deploy.0 = Release|x64
		{F7A7B213-3304-4897-8465-906D114E9D9C}.Release|x86.ActiveCfg = Release|x86
		{F7A7B213-3304-4897-8465-906D114E9D9C}.Release|x86.Build.0 = Release|x86
		{F7A7B213-3304-4897-8465-906D114E9D9C}.Release|x86.Deploy.0 = Release|x86
	EndGlobalSection
	GlobalSection(SolutionProperties) = preSolution
		HideSolutionNode = FALSE
	EndGlobalSection
EndGlobal
