
Microsoft Visual Studio Solution File, Format Version 12.00
# Visual Studio 15
VisualStudioVersion = 15.0.26430.6
MinimumVisualStudioVersion = 10.0.40219.1
Project("{FAE04EC0-301F-11D3-BF4B-00C04F79EFBC}") = "Plugin.Iconize", "Plugin.Iconize\Plugin.Iconize.csproj", "{B0387056-24F4-4421-8B49-B78A2CEDC19E}"
EndProject
Project("{2150E333-8FDC-42A3-9474-1A3956D46DE8}") = "Material", "Material", "{DBBF9839-EDF4-4A00-A29D-96F82B5DB61A}"
	ProjectSection(SolutionItems) = preProject
		Fonts\Material\README.md = Fonts\Material\README.md
	EndProjectSection
EndProject
Project("{2150E333-8FDC-42A3-9474-1A3956D46DE8}") = "FontAwesome", "FontAwesome", "{E3ABDC0D-2ECC-4F4E-AA12-B17716231C90}"
	ProjectSection(SolutionItems) = preProject
		Fonts\FontAwesome\README.md = Fonts\FontAwesome\README.md
	EndProjectSection
EndProject
Project("{FAE04EC0-301F-11D3-BF4B-00C04F79EFBC}") = "Plugin.Iconize.iOS", "Plugin.Iconize.iOS\Plugin.Iconize.iOS.csproj", "{9720EF44-ABA5-422D-A9BF-30CE32D32B4E}"
EndProject
Project("{2150E333-8FDC-42A3-9474-1A3956D46DE8}") = "Fonts", "Fonts", "{D6D0FEFE-EB75-4AF8-91AE-786886C9C1B5}"
EndProject
Project("{FAE04EC0-301F-11D3-BF4B-00C04F79EFBC}") = "Plugin.Iconize.FontAwesome.iOS", "Fonts\FontAwesome\Plugin.Iconize.FontAwesome.iOS\Plugin.Iconize.FontAwesome.iOS.csproj", "{8956329E-2087-41C7-9273-76900B0A217A}"
EndProject
Project("{FAE04EC0-301F-11D3-BF4B-00C04F79EFBC}") = "Plugin.Iconize.Material.iOS", "Fonts\Material\Plugin.Iconize.Material.iOS\Plugin.Iconize.Material.iOS.csproj", "{17F95D3F-8E66-4E15-AB16-9A537901321D}"
EndProject
Project("{2150E333-8FDC-42A3-9474-1A3956D46DE8}") = "Typicons", "Typicons", "{52FF5DEF-7C63-4C7C-A3D2-D8D90222B44E}"
	ProjectSection(SolutionItems) = preProject
		Fonts\Typicons\README.md = Fonts\Typicons\README.md
	EndProjectSection
EndProject
Project("{FAE04EC0-301F-11D3-BF4B-00C04F79EFBC}") = "Plugin.Iconize.Typicons.iOS", "Fonts\Typicons\Plugin.Iconize.Typicons.iOS\Plugin.Iconize.Typicons.iOS.csproj", "{9BE2C151-3510-4B48-89D3-3A7CADD8B804}"
EndProject
Project("{2150E333-8FDC-42A3-9474-1A3956D46DE8}") = "Meteocons", "Meteocons", "{8607C471-BAF3-427E-910A-23D3A1AA6FEE}"
	ProjectSection(SolutionItems) = preProject
		Fonts\Meteocons\README.md = Fonts\Meteocons\README.md
	EndProjectSection
EndProject
Project("{FAE04EC0-301F-11D3-BF4B-00C04F79EFBC}") = "Plugin.Iconize.Meteocons.iOS", "Fonts\Meteocons\Plugin.Iconize.Meteocons.iOS\Plugin.Iconize.Meteocons.iOS.csproj", "{DC12F793-3335-4054-874B-B52B8AE693B6}"
EndProject
Project("{2150E333-8FDC-42A3-9474-1A3956D46DE8}") = "Solution Items", "Solution Items", "{8B51F1D6-B81C-4C00-BA9F-E6ADB1132C73}"
	ProjectSection(SolutionItems) = preProject
		..\appveyor.yml = ..\appveyor.yml
		..\bootbuild.ps1 = ..\bootbuild.ps1
		..\build.cake = ..\build.cake
		..\LICENSE = ..\LICENSE
		..\README.md = ..\README.md
		..\nuget\Xam.Plugin.Iconize.EntypoPlus.nuspec = ..\nuget\Xam.Plugin.Iconize.EntypoPlus.nuspec
		..\nuget\Xam.Plugin.Iconize.FontAwesome.nuspec = ..\nuget\Xam.Plugin.Iconize.FontAwesome.nuspec
		..\nuget\Xam.Plugin.Iconize.Ionicons.nuspec = ..\nuget\Xam.Plugin.Iconize.Ionicons.nuspec
		..\nuget\Xam.Plugin.Iconize.Material.nuspec = ..\nuget\Xam.Plugin.Iconize.Material.nuspec
		..\nuget\Xam.Plugin.Iconize.Meteocons.nuspec = ..\nuget\Xam.Plugin.Iconize.Meteocons.nuspec
		..\nuget\Xam.Plugin.Iconize.nuspec = ..\nuget\Xam.Plugin.Iconize.nuspec
		..\nuget\Xam.Plugin.Iconize.SimpleLineIcons.nuspec = ..\nuget\Xam.Plugin.Iconize.SimpleLineIcons.nuspec
		..\nuget\Xam.Plugin.Iconize.Typicons.nuspec = ..\nuget\Xam.Plugin.Iconize.Typicons.nuspec
		..\nuget\Xam.Plugin.Iconize.WeatherIcons.nuspec = ..\nuget\Xam.Plugin.Iconize.WeatherIcons.nuspec
	EndProjectSection
EndProject
Project("{2150E333-8FDC-42A3-9474-1A3956D46DE8}") = "Ionicons", "Ionicons", "{B04A2021-0569-4552-9A98-2717BA1A2FE6}"
	ProjectSection(SolutionItems) = preProject
		Fonts\Ionicons\README.md = Fonts\Ionicons\README.md
	EndProjectSection
EndProject
Project("{FAE04EC0-301F-11D3-BF4B-00C04F79EFBC}") = "Plugin.Iconize.Ionicons.iOS", "Fonts\Ionicons\Plugin.Iconize.Ionicons.iOS\Plugin.Iconize.Ionicons.iOS.csproj", "{9C1AD7CA-B144-4513-B8AB-AB9EF991E122}"
EndProject
Project("{2150E333-8FDC-42A3-9474-1A3956D46DE8}") = "WeatherIcons", "WeatherIcons", "{7D652CE8-5A35-49EB-ABA0-39302F3B967F}"
	ProjectSection(SolutionItems) = preProject
		Fonts\WeatherIcons\README.md = Fonts\WeatherIcons\README.md
	EndProjectSection
EndProject
Project("{FAE04EC0-301F-11D3-BF4B-00C04F79EFBC}") = "Plugin.Iconize.WeatherIcons.iOS", "Fonts\WeatherIcons\Plugin.Iconize.WeatherIcons.iOS\Plugin.Iconize.WeatherIcons.iOS.csproj", "{444C4EA5-608F-4C9E-82D3-6750C846F0E7}"
EndProject
Project("{2150E333-8FDC-42A3-9474-1A3956D46DE8}") = "SimpleLineIcons", "SimpleLineIcons", "{104CDEBB-6872-457C-BDEE-DE9161AA40E9}"
	ProjectSection(SolutionItems) = preProject
		Fonts\SimpleLineIcons\README.md = Fonts\SimpleLineIcons\README.md
	EndProjectSection
EndProject
Project("{FAE04EC0-301F-11D3-BF4B-00C04F79EFBC}") = "Plugin.Iconize.SimpleLineIcons.iOS", "Fonts\SimpleLineIcons\Plugin.Iconize.SimpleLineIcons.iOS\Plugin.Iconize.SimpleLineIcons.iOS.csproj", "{DC4B2B3E-2BD9-4750-95E1-FAF485D5C394}"
EndProject
Project("{2150E333-8FDC-42A3-9474-1A3956D46DE8}") = "Entypo+", "Entypo+", "{1FBDCDD1-3559-43D1-A32F-2F8CEEA72116}"
	ProjectSection(SolutionItems) = preProject
		Fonts\Entypo+\README.md = Fonts\Entypo+\README.md
	EndProjectSection
EndProject
Project("{FAE04EC0-301F-11D3-BF4B-00C04F79EFBC}") = "Plugin.Iconize.EntypoPlus.iOS", "Fonts\Entypo+\Plugin.Iconize.EntypoPlus.iOS\Plugin.Iconize.EntypoPlus.iOS.csproj", "{ECA521F1-372C-4841-9B7E-86F1D612938E}"
EndProject
Project("{FAE04EC0-301F-11D3-BF4B-00C04F79EFBC}") = "Plugin.Iconize.WeatherIcons.Android", "Fonts\WeatherIcons\Plugin.Iconize.WeatherIcons.Android\Plugin.Iconize.WeatherIcons.Android.csproj", "{D19DAA47-6696-40F4-8D7C-591A16D3991E}"
EndProject
Project("{FAE04EC0-301F-11D3-BF4B-00C04F79EFBC}") = "Plugin.Iconize.Typicons.Android", "Fonts\Typicons\Plugin.Iconize.Typicons.Android\Plugin.Iconize.Typicons.Android.csproj", "{C8FE4F23-70B6-475D-9B87-BD655B8CD22D}"
EndProject
Project("{FAE04EC0-301F-11D3-BF4B-00C04F79EFBC}") = "Plugin.Iconize.SimpleLineIcons.Android", "Fonts\SimpleLineIcons\Plugin.Iconize.SimpleLineIcons.Android\Plugin.Iconize.SimpleLineIcons.Android.csproj", "{5187AA08-61CB-4749-81D5-4B78DC81633F}"
EndProject
Project("{FAE04EC0-301F-11D3-BF4B-00C04F79EFBC}") = "Plugin.Iconize.Meteocons.Android", "Fonts\Meteocons\Plugin.Iconize.Meteocons.Android\Plugin.Iconize.Meteocons.Android.csproj", "{8DD64822-57A3-4FE9-9BFB-45B35AEB6164}"
EndProject
Project("{FAE04EC0-301F-11D3-BF4B-00C04F79EFBC}") = "Plugin.Iconize.Material.Android", "Fonts\Material\Plugin.Iconize.Material.Android\Plugin.Iconize.Material.Android.csproj", "{BF31E501-7C92-4B90-BDC7-6323295CBC52}"
EndProject
Project("{FAE04EC0-301F-11D3-BF4B-00C04F79EFBC}") = "Plugin.Iconize.Ionicons.Android", "Fonts\Ionicons\Plugin.Iconize.Ionicons.Android\Plugin.Iconize.Ionicons.Android.csproj", "{D158E046-BC30-4726-9F11-7A8FE09A0701}"
EndProject
Project("{FAE04EC0-301F-11D3-BF4B-00C04F79EFBC}") = "Plugin.Iconize.FontAwesome.Android", "Fonts\FontAwesome\Plugin.Iconize.FontAwesome.Android\Plugin.Iconize.FontAwesome.Android.csproj", "{C610737E-E8B6-4CF4-834C-A5EBCF6F2219}"
EndProject
Project("{FAE04EC0-301F-11D3-BF4B-00C04F79EFBC}") = "Plugin.Iconize.EntypoPlus.Android", "Fonts\Entypo+\Plugin.Iconize.EntypoPlus.Android\Plugin.Iconize.EntypoPlus.Android.csproj", "{6507B5F9-82B7-4E24-9B1F-8BFF65EB17C4}"
EndProject
Project("{FAE04EC0-301F-11D3-BF4B-00C04F79EFBC}") = "Plugin.Iconize.UWP", "Plugin.Iconize.UWP\Plugin.Iconize.UWP.csproj", "{70EAD9BE-C324-4954-B3CC-8CCB81A636E6}"
EndProject
Project("{FAE04EC0-301F-11D3-BF4B-00C04F79EFBC}") = "Plugin.Iconize.Material.UWP", "Fonts\Material\Plugin.Iconize.Material.UWP\Plugin.Iconize.Material.UWP.csproj", "{C9BF340A-A8F2-4967-8CF1-AECF14A57DCB}"
EndProject
Project("{FAE04EC0-301F-11D3-BF4B-00C04F79EFBC}") = "Plugin.Iconize.FontAwesome.UWP", "Fonts\FontAwesome\Plugin.Iconize.FontAwesome.UWP\Plugin.Iconize.FontAwesome.UWP.csproj", "{04D50FB0-129D-4C72-BFFD-3D826AC956FC}"
EndProject
Project("{FAE04EC0-301F-11D3-BF4B-00C04F79EFBC}") = "Plugin.Iconize.Ionicons.UWP", "Fonts\Ionicons\Plugin.Iconize.Ionicons.UWP\Plugin.Iconize.Ionicons.UWP.csproj", "{6E763529-491D-4413-8DA3-0A15B48D8DA7}"
EndProject
Project("{FAE04EC0-301F-11D3-BF4B-00C04F79EFBC}") = "Plugin.Iconize.Meteocons.UWP", "Fonts\Meteocons\Plugin.Iconize.Meteocons.UWP\Plugin.Iconize.Meteocons.UWP.csproj", "{89E4A646-1F0D-4E13-997D-0888FA706DEF}"
EndProject
Project("{FAE04EC0-301F-11D3-BF4B-00C04F79EFBC}") = "Plugin.Iconize.SimpleLineIcons.UWP", "Fonts\SimpleLineIcons\Plugin.Iconize.SimpleLineIcons.UWP\Plugin.Iconize.SimpleLineIcons.UWP.csproj", "{BEFE71BC-DD78-4D45-895E-D10BB14E342F}"
EndProject
Project("{FAE04EC0-301F-11D3-BF4B-00C04F79EFBC}") = "Plugin.Iconize.Typicons.UWP", "Fonts\Typicons\Plugin.Iconize.Typicons.UWP\Plugin.Iconize.Typicons.UWP.csproj", "{62201ABE-ABFF-486E-B3C1-124DAE18A8FD}"
EndProject
Project("{FAE04EC0-301F-11D3-BF4B-00C04F79EFBC}") = "Plugin.Iconize.WeatherIcons.UWP", "Fonts\WeatherIcons\Plugin.Iconize.WeatherIcons.UWP\Plugin.Iconize.WeatherIcons.UWP.csproj", "{1BBC78F7-1AB9-4EE4-9573-9DF1E64B6F2A}"
EndProject
Project("{FAE04EC0-301F-11D3-BF4B-00C04F79EFBC}") = "Plugin.Iconize.Android", "Plugin.Iconize.Android\Plugin.Iconize.Android.csproj", "{318A7D0F-5E8F-4CFE-BE13-7DCA1235E0AE}"
EndProject
Project("{FAE04EC0-301F-11D3-BF4B-00C04F79EFBC}") = "Plugin.Iconize.Material", "Fonts\Material\Plugin.Iconize.Material\Plugin.Iconize.Material.csproj", "{292413BE-ACA1-419A-9830-71C4F2E32B0F}"
EndProject
Project("{FAE04EC0-301F-11D3-BF4B-00C04F79EFBC}") = "Plugin.Iconize.Ionicons", "Fonts\Ionicons\Plugin.Iconize.Ionicons\Plugin.Iconize.Ionicons.csproj", "{33BBAACB-8060-4A92-8A7F-1FA570885E0D}"
EndProject
Project("{9A19103F-16F7-4668-BE54-9A1E7A4F7556}") = "Plugin.Iconize.FontAwesome", "Fonts\FontAwesome\Plugin.Iconize.FontAwesome\Plugin.Iconize.FontAwesome.csproj", "{641C5ECC-3287-4101-ACCA-F2560B321247}"
EndProject
Project("{FAE04EC0-301F-11D3-BF4B-00C04F79EFBC}") = "Plugin.Iconize.EntypoPlus", "Fonts\Entypo+\Plugin.Iconize.EntypoPlus\Plugin.Iconize.EntypoPlus.csproj", "{264109C5-8773-4BFA-9CF6-420D89DD3F61}"
EndProject
Project("{FAE04EC0-301F-11D3-BF4B-00C04F79EFBC}") = "Plugin.Iconize.Meteocons", "Fonts\Meteocons\Plugin.Iconize.Meteocons\Plugin.Iconize.Meteocons.csproj", "{5434F4CD-6044-4C8B-8F38-A4AD23E54CCB}"
EndProject
Project("{9A19103F-16F7-4668-BE54-9A1E7A4F7556}") = "Plugin.Iconize.SimpleLineIcons", "Fonts\SimpleLineIcons\Plugin.Iconize.SimpleLineIcons\Plugin.Iconize.SimpleLineIcons.csproj", "{FFF1C1D3-17E2-4997-AE9A-8CDF8FBBF577}"
EndProject
Project("{FAE04EC0-301F-11D3-BF4B-00C04F79EFBC}") = "Plugin.Iconize.Typicons", "Fonts\Typicons\Plugin.Iconize.Typicons\Plugin.Iconize.Typicons.csproj", "{8F1D235E-DCC2-4423-9D3A-E828AA2A9C31}"
EndProject
Project("{FAE04EC0-301F-11D3-BF4B-00C04F79EFBC}") = "Plugin.Iconize.WeatherIcons", "Fonts\WeatherIcons\Plugin.Iconize.WeatherIcons\Plugin.Iconize.WeatherIcons.csproj", "{0D1624C3-7980-467B-87A1-F77E57CCEEB6}"
EndProject
Project("{D954291E-2A0B-460D-934E-DC6B0785DB48}") = "Plugin.Iconize.EntypoPlus.Shared", "Fonts\Entypo+\Plugin.Iconize.EntypoPlus.Shared\Plugin.Iconize.EntypoPlus.Shared.shproj", "{3A28982C-EC71-4C9C-AF43-E0C23D1C27F2}"
EndProject
Project("{D954291E-2A0B-460D-934E-DC6B0785DB48}") = "Plugin.Iconize.FontAwesome.Shared", "Fonts\FontAwesome\Plugin.Iconize.FontAwesome.Shared\Plugin.Iconize.FontAwesome.Shared.shproj", "{CD2AA346-981C-4C3A-9EF6-16816531AF93}"
EndProject
Project("{D954291E-2A0B-460D-934E-DC6B0785DB48}") = "Plugin.Iconize.Shared", "Plugin.Iconize.Shared\Plugin.Iconize.Shared.shproj", "{98603844-D31A-40A2-8FF1-2D56EABDE3E5}"
EndProject
Project("{D954291E-2A0B-460D-934E-DC6B0785DB48}") = "Plugin.Iconize.Ionicons.Shared", "Fonts\Ionicons\Plugin.Iconize.Ionicons.Shared\Plugin.Iconize.Ionicons.Shared.shproj", "{C46BB11C-1B4B-4300-83CE-8308AE46C6DC}"
EndProject
Project("{D954291E-2A0B-460D-934E-DC6B0785DB48}") = "Plugin.Iconize.Material.Shared", "Fonts\Material\Plugin.Iconize.Material.Shared\Plugin.Iconize.Material.Shared.shproj", "{A9984216-57E5-43EC-8EFF-86103A154C3A}"
EndProject
Project("{D954291E-2A0B-460D-934E-DC6B0785DB48}") = "Plugin.Iconize.Meteocons.Shared", "Fonts\Meteocons\Plugin.Iconize.Meteocons.Shared\Plugin.Iconize.Meteocons.Shared.shproj", "{C00F2223-3E19-4C16-B98D-85CB4EF31F1A}"
EndProject
Project("{D954291E-2A0B-460D-934E-DC6B0785DB48}") = "Plugin.Iconize.SimpleLineIcons.Shared", "Fonts\SimpleLineIcons\Plugin.Iconize.SimpleLineIcons.Shared\Plugin.Iconize.SimpleLineIcons.Shared.shproj", "{48BAE3CC-BFC9-48D7-9ACB-CA00B145A3F3}"
EndProject
Project("{D954291E-2A0B-460D-934E-DC6B0785DB48}") = "Plugin.Iconize.Typicons.Shared", "Fonts\Typicons\Plugin.Iconize.Typicons.Shared\Plugin.Iconize.Typicons.Shared.shproj", "{DF5F8888-8B4E-41F9-B245-D4AF9D28EFB7}"
EndProject
Project("{D954291E-2A0B-460D-934E-DC6B0785DB48}") = "Plugin.Iconize.WeatherIcons.Shared", "Fonts\WeatherIcons\Plugin.Iconize.WeatherIcons.Shared\Plugin.Iconize.WeatherIcons.Shared.shproj", "{D0354169-9B35-40CC-8EAD-BE2961A2A862}"
EndProject
Project("{FAE04EC0-301F-11D3-BF4B-00C04F79EFBC}") = "Plugin.Iconize.EntypoPlus.UWP", "Fonts\Entypo+\Plugin.Iconize.EntypoPlus.UWP\Plugin.Iconize.EntypoPlus.UWP.csproj", "{B0F749DE-A613-4633-AA99-6D4CF853225A}"
EndProject
Global
	GlobalSection(SharedMSBuildProjectFiles) = preSolution
		Fonts\FontAwesome\Plugin.Iconize.FontAwesome.Shared\Plugin.Iconize.FontAwesome.Shared.projitems*{04d50fb0-129d-4c72-bffd-3d826ac956fc}*SharedItemsImports = 4
		Fonts\Material\Plugin.Iconize.Material.Shared\Plugin.Iconize.Material.Shared.projitems*{17f95d3f-8e66-4e15-ab16-9a537901321d}*SharedItemsImports = 4
		Fonts\WeatherIcons\Plugin.Iconize.WeatherIcons.Shared\Plugin.Iconize.WeatherIcons.Shared.projitems*{1bbc78f7-1ab9-4ee4-9573-9df1e64b6f2a}*SharedItemsImports = 4
		Plugin.Iconize.Shared\Plugin.Iconize.Shared.projitems*{318a7d0f-5e8f-4cfe-be13-7dca1235e0ae}*SharedItemsImports = 4
		Fonts\Entypo+\Plugin.Iconize.EntypoPlus.Shared\Plugin.Iconize.EntypoPlus.Shared.projitems*{3a28982c-ec71-4c9c-af43-e0c23d1c27f2}*SharedItemsImports = 13
		Fonts\WeatherIcons\Plugin.Iconize.WeatherIcons.Shared\Plugin.Iconize.WeatherIcons.Shared.projitems*{444c4ea5-608f-4c9e-82d3-6750c846f0e7}*SharedItemsImports = 4
		Fonts\SimpleLineIcons\Plugin.Iconize.SimpleLineIcons.Shared\Plugin.Iconize.SimpleLineIcons.Shared.projitems*{48bae3cc-bfc9-48d7-9acb-ca00b145a3f3}*SharedItemsImports = 13
		Fonts\SimpleLineIcons\Plugin.Iconize.SimpleLineIcons.Shared\Plugin.Iconize.SimpleLineIcons.Shared.projitems*{5187aa08-61cb-4749-81d5-4b78dc81633f}*SharedItemsImports = 4
		Fonts\Typicons\Plugin.Iconize.Typicons.Shared\Plugin.Iconize.Typicons.Shared.projitems*{62201abe-abff-486e-b3c1-124dae18a8fd}*SharedItemsImports = 4
		Fonts\Entypo+\Plugin.Iconize.EntypoPlus.Shared\Plugin.Iconize.EntypoPlus.Shared.projitems*{6507b5f9-82b7-4e24-9b1f-8bff65eb17c4}*SharedItemsImports = 4
		Fonts\Ionicons\Plugin.Iconize.Ionicons.Shared\Plugin.Iconize.Ionicons.Shared.projitems*{6e763529-491d-4413-8da3-0a15b48d8da7}*SharedItemsImports = 4
		Plugin.Iconize.Shared\Plugin.Iconize.Shared.projitems*{70ead9be-c324-4954-b3cc-8ccb81a636e6}*SharedItemsImports = 4
		Fonts\FontAwesome\Plugin.Iconize.FontAwesome.Shared\Plugin.Iconize.FontAwesome.Shared.projitems*{8956329e-2087-41c7-9273-76900b0a217a}*SharedItemsImports = 4
		Fonts\Meteocons\Plugin.Iconize.Meteocons.Shared\Plugin.Iconize.Meteocons.Shared.projitems*{89e4a646-1f0d-4e13-997d-0888fa706def}*SharedItemsImports = 4
		Fonts\Meteocons\Plugin.Iconize.Meteocons.Shared\Plugin.Iconize.Meteocons.Shared.projitems*{8dd64822-57a3-4fe9-9bfb-45b35aeb6164}*SharedItemsImports = 4
		Plugin.Iconize.Shared\Plugin.Iconize.Shared.projitems*{9720ef44-aba5-422d-a9bf-30ce32d32b4e}*SharedItemsImports = 4
		Plugin.Iconize.Shared\Plugin.Iconize.Shared.projitems*{98603844-d31a-40a2-8ff1-2d56eabde3e5}*SharedItemsImports = 13
		Fonts\Typicons\Plugin.Iconize.Typicons.Shared\Plugin.Iconize.Typicons.Shared.projitems*{9be2c151-3510-4b48-89d3-3a7cadd8b804}*SharedItemsImports = 4
		Fonts\Ionicons\Plugin.Iconize.Ionicons.Shared\Plugin.Iconize.Ionicons.Shared.projitems*{9c1ad7ca-b144-4513-b8ab-ab9ef991e122}*SharedItemsImports = 4
		Fonts\Material\Plugin.Iconize.Material.Shared\Plugin.Iconize.Material.Shared.projitems*{a9984216-57e5-43ec-8eff-86103a154c3a}*SharedItemsImports = 13
		Fonts\Entypo+\Plugin.Iconize.EntypoPlus.Shared\Plugin.Iconize.EntypoPlus.Shared.projitems*{b0f749de-a613-4633-aa99-6d4cf853225a}*SharedItemsImports = 4
		Fonts\SimpleLineIcons\Plugin.Iconize.SimpleLineIcons.Shared\Plugin.Iconize.SimpleLineIcons.Shared.projitems*{befe71bc-dd78-4d45-895e-d10bb14e342f}*SharedItemsImports = 4
		Fonts\Material\Plugin.Iconize.Material.Shared\Plugin.Iconize.Material.Shared.projitems*{bf31e501-7c92-4b90-bdc7-6323295cbc52}*SharedItemsImports = 4
		Fonts\Meteocons\Plugin.Iconize.Meteocons.Shared\Plugin.Iconize.Meteocons.Shared.projitems*{c00f2223-3e19-4c16-b98d-85cb4ef31f1a}*SharedItemsImports = 13
		Fonts\Ionicons\Plugin.Iconize.Ionicons.Shared\Plugin.Iconize.Ionicons.Shared.projitems*{c46bb11c-1b4b-4300-83ce-8308ae46c6dc}*SharedItemsImports = 13
		Fonts\FontAwesome\Plugin.Iconize.FontAwesome.Shared\Plugin.Iconize.FontAwesome.Shared.projitems*{c610737e-e8b6-4cf4-834c-a5ebcf6f2219}*SharedItemsImports = 4
		Fonts\Typicons\Plugin.Iconize.Typicons.Shared\Plugin.Iconize.Typicons.Shared.projitems*{c8fe4f23-70b6-475d-9b87-bd655b8cd22d}*SharedItemsImports = 4
		Fonts\Material\Plugin.Iconize.Material.Shared\Plugin.Iconize.Material.Shared.projitems*{c9bf340a-a8f2-4967-8cf1-aecf14a57dcb}*SharedItemsImports = 4
		Fonts\FontAwesome\Plugin.Iconize.FontAwesome.Shared\Plugin.Iconize.FontAwesome.Shared.projitems*{cd2aa346-981c-4c3a-9ef6-16816531af93}*SharedItemsImports = 13
		Fonts\WeatherIcons\Plugin.Iconize.WeatherIcons.Shared\Plugin.Iconize.WeatherIcons.Shared.projitems*{d0354169-9b35-40cc-8ead-be2961a2a862}*SharedItemsImports = 13
		Fonts\Ionicons\Plugin.Iconize.Ionicons.Shared\Plugin.Iconize.Ionicons.Shared.projitems*{d158e046-bc30-4726-9f11-7a8fe09a0701}*SharedItemsImports = 4
		Fonts\WeatherIcons\Plugin.Iconize.WeatherIcons.Shared\Plugin.Iconize.WeatherIcons.Shared.projitems*{d19daa47-6696-40f4-8d7c-591a16d3991e}*SharedItemsImports = 4
		Fonts\Meteocons\Plugin.Iconize.Meteocons.Shared\Plugin.Iconize.Meteocons.Shared.projitems*{dc12f793-3335-4054-874b-b52b8ae693b6}*SharedItemsImports = 4
		Fonts\SimpleLineIcons\Plugin.Iconize.SimpleLineIcons.Shared\Plugin.Iconize.SimpleLineIcons.Shared.projitems*{dc4b2b3e-2bd9-4750-95e1-faf485d5c394}*SharedItemsImports = 4
		Fonts\Typicons\Plugin.Iconize.Typicons.Shared\Plugin.Iconize.Typicons.Shared.projitems*{df5f8888-8b4e-41f9-b245-d4af9d28efb7}*SharedItemsImports = 13
		Fonts\Entypo+\Plugin.Iconize.EntypoPlus.Shared\Plugin.Iconize.EntypoPlus.Shared.projitems*{eca521f1-372c-4841-9b7e-86f1d612938e}*SharedItemsImports = 4
	EndGlobalSection
	GlobalSection(SolutionConfigurationPlatforms) = preSolution
		Debug|Any CPU = Debug|Any CPU
		Debug|ARM = Debug|ARM
		Debug|x64 = Debug|x64
		Debug|x86 = Debug|x86
		Release|Any CPU = Release|Any CPU
		Release|ARM = Release|ARM
		Release|x64 = Release|x64
		Release|x86 = Release|x86
	EndGlobalSection
	GlobalSection(ProjectConfigurationPlatforms) = postSolution
		{B0387056-24F4-4421-8B49-B78A2CEDC19E}.Debug|Any CPU.ActiveCfg = Debug|Any CPU
		{B0387056-24F4-4421-8B49-B78A2CEDC19E}.Debug|Any CPU.Build.0 = Debug|Any CPU
		{B0387056-24F4-4421-8B49-B78A2CEDC19E}.Debug|ARM.ActiveCfg = Debug|Any CPU
		{B0387056-24F4-4421-8B49-B78A2CEDC19E}.Debug|ARM.Build.0 = Debug|Any CPU
		{B0387056-24F4-4421-8B49-B78A2CEDC19E}.Debug|x64.ActiveCfg = Debug|Any CPU
		{B0387056-24F4-4421-8B49-B78A2CEDC19E}.Debug|x64.Build.0 = Debug|Any CPU
		{B0387056-24F4-4421-8B49-B78A2CEDC19E}.Debug|x86.ActiveCfg = Debug|Any CPU
		{B0387056-24F4-4421-8B49-B78A2CEDC19E}.Debug|x86.Build.0 = Debug|Any CPU
		{B0387056-24F4-4421-8B49-B78A2CEDC19E}.Release|Any CPU.ActiveCfg = Release|Any CPU
		{B0387056-24F4-4421-8B49-B78A2CEDC19E}.Release|Any CPU.Build.0 = Release|Any CPU
		{B0387056-24F4-4421-8B49-B78A2CEDC19E}.Release|ARM.ActiveCfg = Release|Any CPU
		{B0387056-24F4-4421-8B49-B78A2CEDC19E}.Release|ARM.Build.0 = Release|Any CPU
		{B0387056-24F4-4421-8B49-B78A2CEDC19E}.Release|x64.ActiveCfg = Release|Any CPU
		{B0387056-24F4-4421-8B49-B78A2CEDC19E}.Release|x64.Build.0 = Release|Any CPU
		{B0387056-24F4-4421-8B49-B78A2CEDC19E}.Release|x86.ActiveCfg = Release|Any CPU
		{B0387056-24F4-4421-8B49-B78A2CEDC19E}.Release|x86.Build.0 = Release|Any CPU
		{9720EF44-ABA5-422D-A9BF-30CE32D32B4E}.Debug|Any CPU.ActiveCfg = Debug|Any CPU
		{9720EF44-ABA5-422D-A9BF-30CE32D32B4E}.Debug|Any CPU.Build.0 = Debug|Any CPU
		{9720EF44-ABA5-422D-A9BF-30CE32D32B4E}.Debug|ARM.ActiveCfg = Debug|Any CPU
		{9720EF44-ABA5-422D-A9BF-30CE32D32B4E}.Debug|ARM.Build.0 = Debug|Any CPU
		{9720EF44-ABA5-422D-A9BF-30CE32D32B4E}.Debug|x64.ActiveCfg = Debug|Any CPU
		{9720EF44-ABA5-422D-A9BF-30CE32D32B4E}.Debug|x64.Build.0 = Debug|Any CPU
		{9720EF44-ABA5-422D-A9BF-30CE32D32B4E}.Debug|x86.ActiveCfg = Debug|Any CPU
		{9720EF44-ABA5-422D-A9BF-30CE32D32B4E}.Debug|x86.Build.0 = Debug|Any CPU
		{9720EF44-ABA5-422D-A9BF-30CE32D32B4E}.Release|Any CPU.ActiveCfg = Release|Any CPU
		{9720EF44-ABA5-422D-A9BF-30CE32D32B4E}.Release|Any CPU.Build.0 = Release|Any CPU
		{9720EF44-ABA5-422D-A9BF-30CE32D32B4E}.Release|ARM.ActiveCfg = Release|Any CPU
		{9720EF44-ABA5-422D-A9BF-30CE32D32B4E}.Release|ARM.Build.0 = Release|Any CPU
		{9720EF44-ABA5-422D-A9BF-30CE32D32B4E}.Release|x64.ActiveCfg = Release|Any CPU
		{9720EF44-ABA5-422D-A9BF-30CE32D32B4E}.Release|x64.Build.0 = Release|Any CPU
		{9720EF44-ABA5-422D-A9BF-30CE32D32B4E}.Release|x86.ActiveCfg = Release|Any CPU
		{9720EF44-ABA5-422D-A9BF-30CE32D32B4E}.Release|x86.Build.0 = Release|Any CPU
		{8956329E-2087-41C7-9273-76900B0A217A}.Debug|Any CPU.ActiveCfg = Debug|Any CPU
		{8956329E-2087-41C7-9273-76900B0A217A}.Debug|Any CPU.Build.0 = Debug|Any CPU
		{8956329E-2087-41C7-9273-76900B0A217A}.Debug|ARM.ActiveCfg = Debug|Any CPU
		{8956329E-2087-41C7-9273-76900B0A217A}.Debug|ARM.Build.0 = Debug|Any CPU
		{8956329E-2087-41C7-9273-76900B0A217A}.Debug|x64.ActiveCfg = Debug|Any CPU
		{8956329E-2087-41C7-9273-76900B0A217A}.Debug|x64.Build.0 = Debug|Any CPU
		{8956329E-2087-41C7-9273-76900B0A217A}.Debug|x86.ActiveCfg = Debug|Any CPU
		{8956329E-2087-41C7-9273-76900B0A217A}.Debug|x86.Build.0 = Debug|Any CPU
		{8956329E-2087-41C7-9273-76900B0A217A}.Release|Any CPU.ActiveCfg = Release|Any CPU
		{8956329E-2087-41C7-9273-76900B0A217A}.Release|Any CPU.Build.0 = Release|Any CPU
		{8956329E-2087-41C7-9273-76900B0A217A}.Release|ARM.ActiveCfg = Release|Any CPU
		{8956329E-2087-41C7-9273-76900B0A217A}.Release|ARM.Build.0 = Release|Any CPU
		{8956329E-2087-41C7-9273-76900B0A217A}.Release|x64.ActiveCfg = Release|Any CPU
		{8956329E-2087-41C7-9273-76900B0A217A}.Release|x64.Build.0 = Release|Any CPU
		{8956329E-2087-41C7-9273-76900B0A217A}.Release|x86.ActiveCfg = Release|Any CPU
		{8956329E-2087-41C7-9273-76900B0A217A}.Release|x86.Build.0 = Release|Any CPU
		{17F95D3F-8E66-4E15-AB16-9A537901321D}.Debug|Any CPU.ActiveCfg = Debug|Any CPU
		{17F95D3F-8E66-4E15-AB16-9A537901321D}.Debug|Any CPU.Build.0 = Debug|Any CPU
		{17F95D3F-8E66-4E15-AB16-9A537901321D}.Debug|ARM.ActiveCfg = Debug|Any CPU
		{17F95D3F-8E66-4E15-AB16-9A537901321D}.Debug|ARM.Build.0 = Debug|Any CPU
		{17F95D3F-8E66-4E15-AB16-9A537901321D}.Debug|x64.ActiveCfg = Debug|Any CPU
		{17F95D3F-8E66-4E15-AB16-9A537901321D}.Debug|x64.Build.0 = Debug|Any CPU
		{17F95D3F-8E66-4E15-AB16-9A537901321D}.Debug|x86.ActiveCfg = Debug|Any CPU
		{17F95D3F-8E66-4E15-AB16-9A537901321D}.Debug|x86.Build.0 = Debug|Any CPU
		{17F95D3F-8E66-4E15-AB16-9A537901321D}.Release|Any CPU.ActiveCfg = Release|Any CPU
		{17F95D3F-8E66-4E15-AB16-9A537901321D}.Release|Any CPU.Build.0 = Release|Any CPU
		{17F95D3F-8E66-4E15-AB16-9A537901321D}.Release|ARM.ActiveCfg = Release|Any CPU
		{17F95D3F-8E66-4E15-AB16-9A537901321D}.Release|ARM.Build.0 = Release|Any CPU
		{17F95D3F-8E66-4E15-AB16-9A537901321D}.Release|x64.ActiveCfg = Release|Any CPU
		{17F95D3F-8E66-4E15-AB16-9A537901321D}.Release|x64.Build.0 = Release|Any CPU
		{17F95D3F-8E66-4E15-AB16-9A537901321D}.Release|x86.ActiveCfg = Release|Any CPU
		{17F95D3F-8E66-4E15-AB16-9A537901321D}.Release|x86.Build.0 = Release|Any CPU
		{9BE2C151-3510-4B48-89D3-3A7CADD8B804}.Debug|Any CPU.ActiveCfg = Debug|Any CPU
		{9BE2C151-3510-4B48-89D3-3A7CADD8B804}.Debug|Any CPU.Build.0 = Debug|Any CPU
		{9BE2C151-3510-4B48-89D3-3A7CADD8B804}.Debug|ARM.ActiveCfg = Debug|Any CPU
		{9BE2C151-3510-4B48-89D3-3A7CADD8B804}.Debug|ARM.Build.0 = Debug|Any CPU
		{9BE2C151-3510-4B48-89D3-3A7CADD8B804}.Debug|x64.ActiveCfg = Debug|Any CPU
		{9BE2C151-3510-4B48-89D3-3A7CADD8B804}.Debug|x64.Build.0 = Debug|Any CPU
		{9BE2C151-3510-4B48-89D3-3A7CADD8B804}.Debug|x86.ActiveCfg = Debug|Any CPU
		{9BE2C151-3510-4B48-89D3-3A7CADD8B804}.Debug|x86.Build.0 = Debug|Any CPU
		{9BE2C151-3510-4B48-89D3-3A7CADD8B804}.Release|Any CPU.ActiveCfg = Release|Any CPU
		{9BE2C151-3510-4B48-89D3-3A7CADD8B804}.Release|Any CPU.Build.0 = Release|Any CPU
		{9BE2C151-3510-4B48-89D3-3A7CADD8B804}.Release|ARM.ActiveCfg = Release|Any CPU
		{9BE2C151-3510-4B48-89D3-3A7CADD8B804}.Release|ARM.Build.0 = Release|Any CPU
		{9BE2C151-3510-4B48-89D3-3A7CADD8B804}.Release|x64.ActiveCfg = Release|Any CPU
		{9BE2C151-3510-4B48-89D3-3A7CADD8B804}.Release|x64.Build.0 = Release|Any CPU
		{9BE2C151-3510-4B48-89D3-3A7CADD8B804}.Release|x86.ActiveCfg = Release|Any CPU
		{9BE2C151-3510-4B48-89D3-3A7CADD8B804}.Release|x86.Build.0 = Release|Any CPU
		{DC12F793-3335-4054-874B-B52B8AE693B6}.Debug|Any CPU.ActiveCfg = Debug|Any CPU
		{DC12F793-3335-4054-874B-B52B8AE693B6}.Debug|Any CPU.Build.0 = Debug|Any CPU
		{DC12F793-3335-4054-874B-B52B8AE693B6}.Debug|ARM.ActiveCfg = Debug|Any CPU
		{DC12F793-3335-4054-874B-B52B8AE693B6}.Debug|ARM.Build.0 = Debug|Any CPU
		{DC12F793-3335-4054-874B-B52B8AE693B6}.Debug|x64.ActiveCfg = Debug|Any CPU
		{DC12F793-3335-4054-874B-B52B8AE693B6}.Debug|x64.Build.0 = Debug|Any CPU
		{DC12F793-3335-4054-874B-B52B8AE693B6}.Debug|x86.ActiveCfg = Debug|Any CPU
		{DC12F793-3335-4054-874B-B52B8AE693B6}.Debug|x86.Build.0 = Debug|Any CPU
		{DC12F793-3335-4054-874B-B52B8AE693B6}.Release|Any CPU.ActiveCfg = Release|Any CPU
		{DC12F793-3335-4054-874B-B52B8AE693B6}.Release|Any CPU.Build.0 = Release|Any CPU
		{DC12F793-3335-4054-874B-B52B8AE693B6}.Release|ARM.ActiveCfg = Release|Any CPU
		{DC12F793-3335-4054-874B-B52B8AE693B6}.Release|ARM.Build.0 = Release|Any CPU
		{DC12F793-3335-4054-874B-B52B8AE693B6}.Release|x64.ActiveCfg = Release|Any CPU
		{DC12F793-3335-4054-874B-B52B8AE693B6}.Release|x64.Build.0 = Release|Any CPU
		{DC12F793-3335-4054-874B-B52B8AE693B6}.Release|x86.ActiveCfg = Release|Any CPU
		{DC12F793-3335-4054-874B-B52B8AE693B6}.Release|x86.Build.0 = Release|Any CPU
		{9C1AD7CA-B144-4513-B8AB-AB9EF991E122}.Debug|Any CPU.ActiveCfg = Debug|Any CPU
		{9C1AD7CA-B144-4513-B8AB-AB9EF991E122}.Debug|Any CPU.Build.0 = Debug|Any CPU
		{9C1AD7CA-B144-4513-B8AB-AB9EF991E122}.Debug|ARM.ActiveCfg = Debug|Any CPU
		{9C1AD7CA-B144-4513-B8AB-AB9EF991E122}.Debug|ARM.Build.0 = Debug|Any CPU
		{9C1AD7CA-B144-4513-B8AB-AB9EF991E122}.Debug|x64.ActiveCfg = Debug|Any CPU
		{9C1AD7CA-B144-4513-B8AB-AB9EF991E122}.Debug|x64.Build.0 = Debug|Any CPU
		{9C1AD7CA-B144-4513-B8AB-AB9EF991E122}.Debug|x86.ActiveCfg = Debug|Any CPU
		{9C1AD7CA-B144-4513-B8AB-AB9EF991E122}.Debug|x86.Build.0 = Debug|Any CPU
		{9C1AD7CA-B144-4513-B8AB-AB9EF991E122}.Release|Any CPU.ActiveCfg = Release|Any CPU
		{9C1AD7CA-B144-4513-B8AB-AB9EF991E122}.Release|Any CPU.Build.0 = Release|Any CPU
		{9C1AD7CA-B144-4513-B8AB-AB9EF991E122}.Release|ARM.ActiveCfg = Release|Any CPU
		{9C1AD7CA-B144-4513-B8AB-AB9EF991E122}.Release|ARM.Build.0 = Release|Any CPU
		{9C1AD7CA-B144-4513-B8AB-AB9EF991E122}.Release|x64.ActiveCfg = Release|Any CPU
		{9C1AD7CA-B144-4513-B8AB-AB9EF991E122}.Release|x64.Build.0 = Release|Any CPU
		{9C1AD7CA-B144-4513-B8AB-AB9EF991E122}.Release|x86.ActiveCfg = Release|Any CPU
		{9C1AD7CA-B144-4513-B8AB-AB9EF991E122}.Release|x86.Build.0 = Release|Any CPU
		{444C4EA5-608F-4C9E-82D3-6750C846F0E7}.Debug|Any CPU.ActiveCfg = Debug|Any CPU
		{444C4EA5-608F-4C9E-82D3-6750C846F0E7}.Debug|Any CPU.Build.0 = Debug|Any CPU
		{444C4EA5-608F-4C9E-82D3-6750C846F0E7}.Debug|ARM.ActiveCfg = Debug|Any CPU
		{444C4EA5-608F-4C9E-82D3-6750C846F0E7}.Debug|ARM.Build.0 = Debug|Any CPU
		{444C4EA5-608F-4C9E-82D3-6750C846F0E7}.Debug|x64.ActiveCfg = Debug|Any CPU
		{444C4EA5-608F-4C9E-82D3-6750C846F0E7}.Debug|x64.Build.0 = Debug|Any CPU
		{444C4EA5-608F-4C9E-82D3-6750C846F0E7}.Debug|x86.ActiveCfg = Debug|Any CPU
		{444C4EA5-608F-4C9E-82D3-6750C846F0E7}.Debug|x86.Build.0 = Debug|Any CPU
		{444C4EA5-608F-4C9E-82D3-6750C846F0E7}.Release|Any CPU.ActiveCfg = Release|Any CPU
		{444C4EA5-608F-4C9E-82D3-6750C846F0E7}.Release|Any CPU.Build.0 = Release|Any CPU
		{444C4EA5-608F-4C9E-82D3-6750C846F0E7}.Release|ARM.ActiveCfg = Release|Any CPU
		{444C4EA5-608F-4C9E-82D3-6750C846F0E7}.Release|ARM.Build.0 = Release|Any CPU
		{444C4EA5-608F-4C9E-82D3-6750C846F0E7}.Release|x64.ActiveCfg = Release|Any CPU
		{444C4EA5-608F-4C9E-82D3-6750C846F0E7}.Release|x64.Build.0 = Release|Any CPU
		{444C4EA5-608F-4C9E-82D3-6750C846F0E7}.Release|x86.ActiveCfg = Release|Any CPU
		{444C4EA5-608F-4C9E-82D3-6750C846F0E7}.Release|x86.Build.0 = Release|Any CPU
		{DC4B2B3E-2BD9-4750-95E1-FAF485D5C394}.Debug|Any CPU.ActiveCfg = Debug|Any CPU
		{DC4B2B3E-2BD9-4750-95E1-FAF485D5C394}.Debug|Any CPU.Build.0 = Debug|Any CPU
		{DC4B2B3E-2BD9-4750-95E1-FAF485D5C394}.Debug|ARM.ActiveCfg = Debug|Any CPU
		{DC4B2B3E-2BD9-4750-95E1-FAF485D5C394}.Debug|ARM.Build.0 = Debug|Any CPU
		{DC4B2B3E-2BD9-4750-95E1-FAF485D5C394}.Debug|x64.ActiveCfg = Debug|Any CPU
		{DC4B2B3E-2BD9-4750-95E1-FAF485D5C394}.Debug|x64.Build.0 = Debug|Any CPU
		{DC4B2B3E-2BD9-4750-95E1-FAF485D5C394}.Debug|x86.ActiveCfg = Debug|Any CPU
		{DC4B2B3E-2BD9-4750-95E1-FAF485D5C394}.Debug|x86.Build.0 = Debug|Any CPU
		{DC4B2B3E-2BD9-4750-95E1-FAF485D5C394}.Release|Any CPU.ActiveCfg = Release|Any CPU
		{DC4B2B3E-2BD9-4750-95E1-FAF485D5C394}.Release|Any CPU.Build.0 = Release|Any CPU
		{DC4B2B3E-2BD9-4750-95E1-FAF485D5C394}.Release|ARM.ActiveCfg = Release|Any CPU
		{DC4B2B3E-2BD9-4750-95E1-FAF485D5C394}.Release|ARM.Build.0 = Release|Any CPU
		{DC4B2B3E-2BD9-4750-95E1-FAF485D5C394}.Release|x64.ActiveCfg = Release|Any CPU
		{DC4B2B3E-2BD9-4750-95E1-FAF485D5C394}.Release|x64.Build.0 = Release|Any CPU
		{DC4B2B3E-2BD9-4750-95E1-FAF485D5C394}.Release|x86.ActiveCfg = Release|Any CPU
		{DC4B2B3E-2BD9-4750-95E1-FAF485D5C394}.Release|x86.Build.0 = Release|Any CPU
		{ECA521F1-372C-4841-9B7E-86F1D612938E}.Debug|Any CPU.ActiveCfg = Debug|Any CPU
		{ECA521F1-372C-4841-9B7E-86F1D612938E}.Debug|Any CPU.Build.0 = Debug|Any CPU
		{ECA521F1-372C-4841-9B7E-86F1D612938E}.Debug|ARM.ActiveCfg = Debug|Any CPU
		{ECA521F1-372C-4841-9B7E-86F1D612938E}.Debug|ARM.Build.0 = Debug|Any CPU
		{ECA521F1-372C-4841-9B7E-86F1D612938E}.Debug|x64.ActiveCfg = Debug|Any CPU
		{ECA521F1-372C-4841-9B7E-86F1D612938E}.Debug|x64.Build.0 = Debug|Any CPU
		{ECA521F1-372C-4841-9B7E-86F1D612938E}.Debug|x86.ActiveCfg = Debug|Any CPU
		{ECA521F1-372C-4841-9B7E-86F1D612938E}.Debug|x86.Build.0 = Debug|Any CPU
		{ECA521F1-372C-4841-9B7E-86F1D612938E}.Release|Any CPU.ActiveCfg = Release|Any CPU
		{ECA521F1-372C-4841-9B7E-86F1D612938E}.Release|Any CPU.Build.0 = Release|Any CPU
		{ECA521F1-372C-4841-9B7E-86F1D612938E}.Release|ARM.ActiveCfg = Release|Any CPU
		{ECA521F1-372C-4841-9B7E-86F1D612938E}.Release|ARM.Build.0 = Release|Any CPU
		{ECA521F1-372C-4841-9B7E-86F1D612938E}.Release|x64.ActiveCfg = Release|Any CPU
		{ECA521F1-372C-4841-9B7E-86F1D612938E}.Release|x64.Build.0 = Release|Any CPU
		{ECA521F1-372C-4841-9B7E-86F1D612938E}.Release|x86.ActiveCfg = Release|Any CPU
		{ECA521F1-372C-4841-9B7E-86F1D612938E}.Release|x86.Build.0 = Release|Any CPU
		{D19DAA47-6696-40F4-8D7C-591A16D3991E}.Debug|Any CPU.ActiveCfg = Debug|Any CPU
		{D19DAA47-6696-40F4-8D7C-591A16D3991E}.Debug|Any CPU.Build.0 = Debug|Any CPU
		{D19DAA47-6696-40F4-8D7C-591A16D3991E}.Debug|ARM.ActiveCfg = Debug|Any CPU
		{D19DAA47-6696-40F4-8D7C-591A16D3991E}.Debug|ARM.Build.0 = Debug|Any CPU
		{D19DAA47-6696-40F4-8D7C-591A16D3991E}.Debug|x64.ActiveCfg = Debug|Any CPU
		{D19DAA47-6696-40F4-8D7C-591A16D3991E}.Debug|x64.Build.0 = Debug|Any CPU
		{D19DAA47-6696-40F4-8D7C-591A16D3991E}.Debug|x86.ActiveCfg = Debug|Any CPU
		{D19DAA47-6696-40F4-8D7C-591A16D3991E}.Debug|x86.Build.0 = Debug|Any CPU
		{D19DAA47-6696-40F4-8D7C-591A16D3991E}.Release|Any CPU.ActiveCfg = Release|Any CPU
		{D19DAA47-6696-40F4-8D7C-591A16D3991E}.Release|Any CPU.Build.0 = Release|Any CPU
		{D19DAA47-6696-40F4-8D7C-591A16D3991E}.Release|ARM.ActiveCfg = Release|Any CPU
		{D19DAA47-6696-40F4-8D7C-591A16D3991E}.Release|ARM.Build.0 = Release|Any CPU
		{D19DAA47-6696-40F4-8D7C-591A16D3991E}.Release|x64.ActiveCfg = Release|Any CPU
		{D19DAA47-6696-40F4-8D7C-591A16D3991E}.Release|x64.Build.0 = Release|Any CPU
		{D19DAA47-6696-40F4-8D7C-591A16D3991E}.Release|x86.ActiveCfg = Release|Any CPU
		{D19DAA47-6696-40F4-8D7C-591A16D3991E}.Release|x86.Build.0 = Release|Any CPU
		{C8FE4F23-70B6-475D-9B87-BD655B8CD22D}.Debug|Any CPU.ActiveCfg = Debug|Any CPU
		{C8FE4F23-70B6-475D-9B87-BD655B8CD22D}.Debug|Any CPU.Build.0 = Debug|Any CPU
		{C8FE4F23-70B6-475D-9B87-BD655B8CD22D}.Debug|ARM.ActiveCfg = Debug|Any CPU
		{C8FE4F23-70B6-475D-9B87-BD655B8CD22D}.Debug|ARM.Build.0 = Debug|Any CPU
		{C8FE4F23-70B6-475D-9B87-BD655B8CD22D}.Debug|x64.ActiveCfg = Debug|Any CPU
		{C8FE4F23-70B6-475D-9B87-BD655B8CD22D}.Debug|x64.Build.0 = Debug|Any CPU
		{C8FE4F23-70B6-475D-9B87-BD655B8CD22D}.Debug|x86.ActiveCfg = Debug|Any CPU
		{C8FE4F23-70B6-475D-9B87-BD655B8CD22D}.Debug|x86.Build.0 = Debug|Any CPU
		{C8FE4F23-70B6-475D-9B87-BD655B8CD22D}.Release|Any CPU.ActiveCfg = Release|Any CPU
		{C8FE4F23-70B6-475D-9B87-BD655B8CD22D}.Release|Any CPU.Build.0 = Release|Any CPU
		{C8FE4F23-70B6-475D-9B87-BD655B8CD22D}.Release|ARM.ActiveCfg = Release|Any CPU
		{C8FE4F23-70B6-475D-9B87-BD655B8CD22D}.Release|ARM.Build.0 = Release|Any CPU
		{C8FE4F23-70B6-475D-9B87-BD655B8CD22D}.Release|x64.ActiveCfg = Release|Any CPU
		{C8FE4F23-70B6-475D-9B87-BD655B8CD22D}.Release|x64.Build.0 = Release|Any CPU
		{C8FE4F23-70B6-475D-9B87-BD655B8CD22D}.Release|x86.ActiveCfg = Release|Any CPU
		{C8FE4F23-70B6-475D-9B87-BD655B8CD22D}.Release|x86.Build.0 = Release|Any CPU
		{5187AA08-61CB-4749-81D5-4B78DC81633F}.Debug|Any CPU.ActiveCfg = Debug|Any CPU
		{5187AA08-61CB-4749-81D5-4B78DC81633F}.Debug|Any CPU.Build.0 = Debug|Any CPU
		{5187AA08-61CB-4749-81D5-4B78DC81633F}.Debug|ARM.ActiveCfg = Debug|Any CPU
		{5187AA08-61CB-4749-81D5-4B78DC81633F}.Debug|ARM.Build.0 = Debug|Any CPU
		{5187AA08-61CB-4749-81D5-4B78DC81633F}.Debug|x64.ActiveCfg = Debug|Any CPU
		{5187AA08-61CB-4749-81D5-4B78DC81633F}.Debug|x64.Build.0 = Debug|Any CPU
		{5187AA08-61CB-4749-81D5-4B78DC81633F}.Debug|x86.ActiveCfg = Debug|Any CPU
		{5187AA08-61CB-4749-81D5-4B78DC81633F}.Debug|x86.Build.0 = Debug|Any CPU
		{5187AA08-61CB-4749-81D5-4B78DC81633F}.Release|Any CPU.ActiveCfg = Release|Any CPU
		{5187AA08-61CB-4749-81D5-4B78DC81633F}.Release|Any CPU.Build.0 = Release|Any CPU
		{5187AA08-61CB-4749-81D5-4B78DC81633F}.Release|ARM.ActiveCfg = Release|Any CPU
		{5187AA08-61CB-4749-81D5-4B78DC81633F}.Release|ARM.Build.0 = Release|Any CPU
		{5187AA08-61CB-4749-81D5-4B78DC81633F}.Release|x64.ActiveCfg = Release|Any CPU
		{5187AA08-61CB-4749-81D5-4B78DC81633F}.Release|x64.Build.0 = Release|Any CPU
		{5187AA08-61CB-4749-81D5-4B78DC81633F}.Release|x86.ActiveCfg = Release|Any CPU
		{5187AA08-61CB-4749-81D5-4B78DC81633F}.Release|x86.Build.0 = Release|Any CPU
		{8DD64822-57A3-4FE9-9BFB-45B35AEB6164}.Debug|Any CPU.ActiveCfg = Debug|Any CPU
		{8DD64822-57A3-4FE9-9BFB-45B35AEB6164}.Debug|Any CPU.Build.0 = Debug|Any CPU
		{8DD64822-57A3-4FE9-9BFB-45B35AEB6164}.Debug|ARM.ActiveCfg = Debug|Any CPU
		{8DD64822-57A3-4FE9-9BFB-45B35AEB6164}.Debug|ARM.Build.0 = Debug|Any CPU
		{8DD64822-57A3-4FE9-9BFB-45B35AEB6164}.Debug|x64.ActiveCfg = Debug|Any CPU
		{8DD64822-57A3-4FE9-9BFB-45B35AEB6164}.Debug|x64.Build.0 = Debug|Any CPU
		{8DD64822-57A3-4FE9-9BFB-45B35AEB6164}.Debug|x86.ActiveCfg = Debug|Any CPU
		{8DD64822-57A3-4FE9-9BFB-45B35AEB6164}.Debug|x86.Build.0 = Debug|Any CPU
		{8DD64822-57A3-4FE9-9BFB-45B35AEB6164}.Release|Any CPU.ActiveCfg = Release|Any CPU
		{8DD64822-57A3-4FE9-9BFB-45B35AEB6164}.Release|Any CPU.Build.0 = Release|Any CPU
		{8DD64822-57A3-4FE9-9BFB-45B35AEB6164}.Release|ARM.ActiveCfg = Release|Any CPU
		{8DD64822-57A3-4FE9-9BFB-45B35AEB6164}.Release|ARM.Build.0 = Release|Any CPU
		{8DD64822-57A3-4FE9-9BFB-45B35AEB6164}.Release|x64.ActiveCfg = Release|Any CPU
		{8DD64822-57A3-4FE9-9BFB-45B35AEB6164}.Release|x64.Build.0 = Release|Any CPU
		{8DD64822-57A3-4FE9-9BFB-45B35AEB6164}.Release|x86.ActiveCfg = Release|Any CPU
		{8DD64822-57A3-4FE9-9BFB-45B35AEB6164}.Release|x86.Build.0 = Release|Any CPU
		{BF31E501-7C92-4B90-BDC7-6323295CBC52}.Debug|Any CPU.ActiveCfg = Debug|Any CPU
		{BF31E501-7C92-4B90-BDC7-6323295CBC52}.Debug|Any CPU.Build.0 = Debug|Any CPU
		{BF31E501-7C92-4B90-BDC7-6323295CBC52}.Debug|ARM.ActiveCfg = Debug|Any CPU
		{BF31E501-7C92-4B90-BDC7-6323295CBC52}.Debug|ARM.Build.0 = Debug|Any CPU
		{BF31E501-7C92-4B90-BDC7-6323295CBC52}.Debug|x64.ActiveCfg = Debug|Any CPU
		{BF31E501-7C92-4B90-BDC7-6323295CBC52}.Debug|x64.Build.0 = Debug|Any CPU
		{BF31E501-7C92-4B90-BDC7-6323295CBC52}.Debug|x86.ActiveCfg = Debug|Any CPU
		{BF31E501-7C92-4B90-BDC7-6323295CBC52}.Debug|x86.Build.0 = Debug|Any CPU
		{BF31E501-7C92-4B90-BDC7-6323295CBC52}.Release|Any CPU.ActiveCfg = Release|Any CPU
		{BF31E501-7C92-4B90-BDC7-6323295CBC52}.Release|Any CPU.Build.0 = Release|Any CPU
		{BF31E501-7C92-4B90-BDC7-6323295CBC52}.Release|ARM.ActiveCfg = Release|Any CPU
		{BF31E501-7C92-4B90-BDC7-6323295CBC52}.Release|ARM.Build.0 = Release|Any CPU
		{BF31E501-7C92-4B90-BDC7-6323295CBC52}.Release|x64.ActiveCfg = Release|Any CPU
		{BF31E501-7C92-4B90-BDC7-6323295CBC52}.Release|x64.Build.0 = Release|Any CPU
		{BF31E501-7C92-4B90-BDC7-6323295CBC52}.Release|x86.ActiveCfg = Release|Any CPU
		{BF31E501-7C92-4B90-BDC7-6323295CBC52}.Release|x86.Build.0 = Release|Any CPU
		{D158E046-BC30-4726-9F11-7A8FE09A0701}.Debug|Any CPU.ActiveCfg = Debug|Any CPU
		{D158E046-BC30-4726-9F11-7A8FE09A0701}.Debug|Any CPU.Build.0 = Debug|Any CPU
		{D158E046-BC30-4726-9F11-7A8FE09A0701}.Debug|ARM.ActiveCfg = Debug|Any CPU
		{D158E046-BC30-4726-9F11-7A8FE09A0701}.Debug|ARM.Build.0 = Debug|Any CPU
		{D158E046-BC30-4726-9F11-7A8FE09A0701}.Debug|x64.ActiveCfg = Debug|Any CPU
		{D158E046-BC30-4726-9F11-7A8FE09A0701}.Debug|x64.Build.0 = Debug|Any CPU
		{D158E046-BC30-4726-9F11-7A8FE09A0701}.Debug|x86.ActiveCfg = Debug|Any CPU
		{D158E046-BC30-4726-9F11-7A8FE09A0701}.Debug|x86.Build.0 = Debug|Any CPU
		{D158E046-BC30-4726-9F11-7A8FE09A0701}.Release|Any CPU.ActiveCfg = Release|Any CPU
		{D158E046-BC30-4726-9F11-7A8FE09A0701}.Release|Any CPU.Build.0 = Release|Any CPU
		{D158E046-BC30-4726-9F11-7A8FE09A0701}.Release|ARM.ActiveCfg = Release|Any CPU
		{D158E046-BC30-4726-9F11-7A8FE09A0701}.Release|ARM.Build.0 = Release|Any CPU
		{D158E046-BC30-4726-9F11-7A8FE09A0701}.Release|x64.ActiveCfg = Release|Any CPU
		{D158E046-BC30-4726-9F11-7A8FE09A0701}.Release|x64.Build.0 = Release|Any CPU
		{D158E046-BC30-4726-9F11-7A8FE09A0701}.Release|x86.ActiveCfg = Release|Any CPU
		{D158E046-BC30-4726-9F11-7A8FE09A0701}.Release|x86.Build.0 = Release|Any CPU
		{C610737E-E8B6-4CF4-834C-A5EBCF6F2219}.Debug|Any CPU.ActiveCfg = Debug|Any CPU
		{C610737E-E8B6-4CF4-834C-A5EBCF6F2219}.Debug|Any CPU.Build.0 = Debug|Any CPU
		{C610737E-E8B6-4CF4-834C-A5EBCF6F2219}.Debug|ARM.ActiveCfg = Debug|Any CPU
		{C610737E-E8B6-4CF4-834C-A5EBCF6F2219}.Debug|ARM.Build.0 = Debug|Any CPU
		{C610737E-E8B6-4CF4-834C-A5EBCF6F2219}.Debug|x64.ActiveCfg = Debug|Any CPU
		{C610737E-E8B6-4CF4-834C-A5EBCF6F2219}.Debug|x64.Build.0 = Debug|Any CPU
		{C610737E-E8B6-4CF4-834C-A5EBCF6F2219}.Debug|x86.ActiveCfg = Debug|Any CPU
		{C610737E-E8B6-4CF4-834C-A5EBCF6F2219}.Debug|x86.Build.0 = Debug|Any CPU
		{C610737E-E8B6-4CF4-834C-A5EBCF6F2219}.Release|Any CPU.ActiveCfg = Release|Any CPU
		{C610737E-E8B6-4CF4-834C-A5EBCF6F2219}.Release|Any CPU.Build.0 = Release|Any CPU
		{C610737E-E8B6-4CF4-834C-A5EBCF6F2219}.Release|ARM.ActiveCfg = Release|Any CPU
		{C610737E-E8B6-4CF4-834C-A5EBCF6F2219}.Release|ARM.Build.0 = Release|Any CPU
		{C610737E-E8B6-4CF4-834C-A5EBCF6F2219}.Release|x64.ActiveCfg = Release|Any CPU
		{C610737E-E8B6-4CF4-834C-A5EBCF6F2219}.Release|x64.Build.0 = Release|Any CPU
		{C610737E-E8B6-4CF4-834C-A5EBCF6F2219}.Release|x86.ActiveCfg = Release|Any CPU
		{C610737E-E8B6-4CF4-834C-A5EBCF6F2219}.Release|x86.Build.0 = Release|Any CPU
		{6507B5F9-82B7-4E24-9B1F-8BFF65EB17C4}.Debug|Any CPU.ActiveCfg = Debug|Any CPU
		{6507B5F9-82B7-4E24-9B1F-8BFF65EB17C4}.Debug|Any CPU.Build.0 = Debug|Any CPU
		{6507B5F9-82B7-4E24-9B1F-8BFF65EB17C4}.Debug|ARM.ActiveCfg = Debug|Any CPU
		{6507B5F9-82B7-4E24-9B1F-8BFF65EB17C4}.Debug|ARM.Build.0 = Debug|Any CPU
		{6507B5F9-82B7-4E24-9B1F-8BFF65EB17C4}.Debug|x64.ActiveCfg = Debug|Any CPU
		{6507B5F9-82B7-4E24-9B1F-8BFF65EB17C4}.Debug|x64.Build.0 = Debug|Any CPU
		{6507B5F9-82B7-4E24-9B1F-8BFF65EB17C4}.Debug|x86.ActiveCfg = Debug|Any CPU
		{6507B5F9-82B7-4E24-9B1F-8BFF65EB17C4}.Debug|x86.Build.0 = Debug|Any CPU
		{6507B5F9-82B7-4E24-9B1F-8BFF65EB17C4}.Release|Any CPU.ActiveCfg = Release|Any CPU
		{6507B5F9-82B7-4E24-9B1F-8BFF65EB17C4}.Release|Any CPU.Build.0 = Release|Any CPU
		{6507B5F9-82B7-4E24-9B1F-8BFF65EB17C4}.Release|ARM.ActiveCfg = Release|Any CPU
		{6507B5F9-82B7-4E24-9B1F-8BFF65EB17C4}.Release|ARM.Build.0 = Release|Any CPU
		{6507B5F9-82B7-4E24-9B1F-8BFF65EB17C4}.Release|x64.ActiveCfg = Release|Any CPU
		{6507B5F9-82B7-4E24-9B1F-8BFF65EB17C4}.Release|x64.Build.0 = Release|Any CPU
		{6507B5F9-82B7-4E24-9B1F-8BFF65EB17C4}.Release|x86.ActiveCfg = Release|Any CPU
		{6507B5F9-82B7-4E24-9B1F-8BFF65EB17C4}.Release|x86.Build.0 = Release|Any CPU
		{70EAD9BE-C324-4954-B3CC-8CCB81A636E6}.Debug|Any CPU.ActiveCfg = Debug|Any CPU
		{70EAD9BE-C324-4954-B3CC-8CCB81A636E6}.Debug|Any CPU.Build.0 = Debug|Any CPU
		{70EAD9BE-C324-4954-B3CC-8CCB81A636E6}.Debug|ARM.ActiveCfg = Debug|ARM
		{70EAD9BE-C324-4954-B3CC-8CCB81A636E6}.Debug|ARM.Build.0 = Debug|ARM
		{70EAD9BE-C324-4954-B3CC-8CCB81A636E6}.Debug|x64.ActiveCfg = Debug|x64
		{70EAD9BE-C324-4954-B3CC-8CCB81A636E6}.Debug|x64.Build.0 = Debug|x64
		{70EAD9BE-C324-4954-B3CC-8CCB81A636E6}.Debug|x86.ActiveCfg = Debug|x86
		{70EAD9BE-C324-4954-B3CC-8CCB81A636E6}.Debug|x86.Build.0 = Debug|x86
		{70EAD9BE-C324-4954-B3CC-8CCB81A636E6}.Release|Any CPU.ActiveCfg = Release|Any CPU
		{70EAD9BE-C324-4954-B3CC-8CCB81A636E6}.Release|Any CPU.Build.0 = Release|Any CPU
		{70EAD9BE-C324-4954-B3CC-8CCB81A636E6}.Release|ARM.ActiveCfg = Release|ARM
		{70EAD9BE-C324-4954-B3CC-8CCB81A636E6}.Release|ARM.Build.0 = Release|ARM
		{70EAD9BE-C324-4954-B3CC-8CCB81A636E6}.Release|x64.ActiveCfg = Release|x64
		{70EAD9BE-C324-4954-B3CC-8CCB81A636E6}.Release|x64.Build.0 = Release|x64
		{70EAD9BE-C324-4954-B3CC-8CCB81A636E6}.Release|x86.ActiveCfg = Release|x86
		{70EAD9BE-C324-4954-B3CC-8CCB81A636E6}.Release|x86.Build.0 = Release|x86
		{C9BF340A-A8F2-4967-8CF1-AECF14A57DCB}.Debug|Any CPU.ActiveCfg = Debug|Any CPU
		{C9BF340A-A8F2-4967-8CF1-AECF14A57DCB}.Debug|Any CPU.Build.0 = Debug|Any CPU
		{C9BF340A-A8F2-4967-8CF1-AECF14A57DCB}.Debug|ARM.ActiveCfg = Debug|ARM
		{C9BF340A-A8F2-4967-8CF1-AECF14A57DCB}.Debug|ARM.Build.0 = Debug|ARM
		{C9BF340A-A8F2-4967-8CF1-AECF14A57DCB}.Debug|x64.ActiveCfg = Debug|x64
		{C9BF340A-A8F2-4967-8CF1-AECF14A57DCB}.Debug|x64.Build.0 = Debug|x64
		{C9BF340A-A8F2-4967-8CF1-AECF14A57DCB}.Debug|x86.ActiveCfg = Debug|x86
		{C9BF340A-A8F2-4967-8CF1-AECF14A57DCB}.Debug|x86.Build.0 = Debug|x86
		{C9BF340A-A8F2-4967-8CF1-AECF14A57DCB}.Release|Any CPU.ActiveCfg = Release|Any CPU
		{C9BF340A-A8F2-4967-8CF1-AECF14A57DCB}.Release|Any CPU.Build.0 = Release|Any CPU
		{C9BF340A-A8F2-4967-8CF1-AECF14A57DCB}.Release|ARM.ActiveCfg = Release|ARM
		{C9BF340A-A8F2-4967-8CF1-AECF14A57DCB}.Release|ARM.Build.0 = Release|ARM
		{C9BF340A-A8F2-4967-8CF1-AECF14A57DCB}.Release|x64.ActiveCfg = Release|x64
		{C9BF340A-A8F2-4967-8CF1-AECF14A57DCB}.Release|x64.Build.0 = Release|x64
		{C9BF340A-A8F2-4967-8CF1-AECF14A57DCB}.Release|x86.ActiveCfg = Release|x86
		{C9BF340A-A8F2-4967-8CF1-AECF14A57DCB}.Release|x86.Build.0 = Release|x86
		{04D50FB0-129D-4C72-BFFD-3D826AC956FC}.Debug|Any CPU.ActiveCfg = Debug|Any CPU
		{04D50FB0-129D-4C72-BFFD-3D826AC956FC}.Debug|Any CPU.Build.0 = Debug|Any CPU
		{04D50FB0-129D-4C72-BFFD-3D826AC956FC}.Debug|ARM.ActiveCfg = Debug|ARM
		{04D50FB0-129D-4C72-BFFD-3D826AC956FC}.Debug|ARM.Build.0 = Debug|ARM
		{04D50FB0-129D-4C72-BFFD-3D826AC956FC}.Debug|x64.ActiveCfg = Debug|x64
		{04D50FB0-129D-4C72-BFFD-3D826AC956FC}.Debug|x64.Build.0 = Debug|x64
		{04D50FB0-129D-4C72-BFFD-3D826AC956FC}.Debug|x86.ActiveCfg = Debug|x86
		{04D50FB0-129D-4C72-BFFD-3D826AC956FC}.Debug|x86.Build.0 = Debug|x86
		{04D50FB0-129D-4C72-BFFD-3D826AC956FC}.Release|Any CPU.ActiveCfg = Release|Any CPU
		{04D50FB0-129D-4C72-BFFD-3D826AC956FC}.Release|Any CPU.Build.0 = Release|Any CPU
		{04D50FB0-129D-4C72-BFFD-3D826AC956FC}.Release|ARM.ActiveCfg = Release|ARM
		{04D50FB0-129D-4C72-BFFD-3D826AC956FC}.Release|ARM.Build.0 = Release|ARM
		{04D50FB0-129D-4C72-BFFD-3D826AC956FC}.Release|x64.ActiveCfg = Release|x64
		{04D50FB0-129D-4C72-BFFD-3D826AC956FC}.Release|x64.Build.0 = Release|x64
		{04D50FB0-129D-4C72-BFFD-3D826AC956FC}.Release|x86.ActiveCfg = Release|x86
		{04D50FB0-129D-4C72-BFFD-3D826AC956FC}.Release|x86.Build.0 = Release|x86
		{6E763529-491D-4413-8DA3-0A15B48D8DA7}.Debug|Any CPU.ActiveCfg = Debug|Any CPU
		{6E763529-491D-4413-8DA3-0A15B48D8DA7}.Debug|Any CPU.Build.0 = Debug|Any CPU
		{6E763529-491D-4413-8DA3-0A15B48D8DA7}.Debug|ARM.ActiveCfg = Debug|ARM
		{6E763529-491D-4413-8DA3-0A15B48D8DA7}.Debug|ARM.Build.0 = Debug|ARM
		{6E763529-491D-4413-8DA3-0A15B48D8DA7}.Debug|x64.ActiveCfg = Debug|x64
		{6E763529-491D-4413-8DA3-0A15B48D8DA7}.Debug|x64.Build.0 = Debug|x64
		{6E763529-491D-4413-8DA3-0A15B48D8DA7}.Debug|x86.ActiveCfg = Debug|x86
		{6E763529-491D-4413-8DA3-0A15B48D8DA7}.Debug|x86.Build.0 = Debug|x86
		{6E763529-491D-4413-8DA3-0A15B48D8DA7}.Release|Any CPU.ActiveCfg = Release|Any CPU
		{6E763529-491D-4413-8DA3-0A15B48D8DA7}.Release|Any CPU.Build.0 = Release|Any CPU
		{6E763529-491D-4413-8DA3-0A15B48D8DA7}.Release|ARM.ActiveCfg = Release|ARM
		{6E763529-491D-4413-8DA3-0A15B48D8DA7}.Release|ARM.Build.0 = Release|ARM
		{6E763529-491D-4413-8DA3-0A15B48D8DA7}.Release|x64.ActiveCfg = Release|x64
		{6E763529-491D-4413-8DA3-0A15B48D8DA7}.Release|x64.Build.0 = Release|x64
		{6E763529-491D-4413-8DA3-0A15B48D8DA7}.Release|x86.ActiveCfg = Release|x86
		{6E763529-491D-4413-8DA3-0A15B48D8DA7}.Release|x86.Build.0 = Release|x86
		{89E4A646-1F0D-4E13-997D-0888FA706DEF}.Debug|Any CPU.ActiveCfg = Debug|Any CPU
		{89E4A646-1F0D-4E13-997D-0888FA706DEF}.Debug|Any CPU.Build.0 = Debug|Any CPU
		{89E4A646-1F0D-4E13-997D-0888FA706DEF}.Debug|ARM.ActiveCfg = Debug|ARM
		{89E4A646-1F0D-4E13-997D-0888FA706DEF}.Debug|ARM.Build.0 = Debug|ARM
		{89E4A646-1F0D-4E13-997D-0888FA706DEF}.Debug|x64.ActiveCfg = Debug|x64
		{89E4A646-1F0D-4E13-997D-0888FA706DEF}.Debug|x64.Build.0 = Debug|x64
		{89E4A646-1F0D-4E13-997D-0888FA706DEF}.Debug|x86.ActiveCfg = Debug|x86
		{89E4A646-1F0D-4E13-997D-0888FA706DEF}.Debug|x86.Build.0 = Debug|x86
		{89E4A646-1F0D-4E13-997D-0888FA706DEF}.Release|Any CPU.ActiveCfg = Release|Any CPU
		{89E4A646-1F0D-4E13-997D-0888FA706DEF}.Release|Any CPU.Build.0 = Release|Any CPU
		{89E4A646-1F0D-4E13-997D-0888FA706DEF}.Release|ARM.ActiveCfg = Release|ARM
		{89E4A646-1F0D-4E13-997D-0888FA706DEF}.Release|ARM.Build.0 = Release|ARM
		{89E4A646-1F0D-4E13-997D-0888FA706DEF}.Release|x64.ActiveCfg = Release|x64
		{89E4A646-1F0D-4E13-997D-0888FA706DEF}.Release|x64.Build.0 = Release|x64
		{89E4A646-1F0D-4E13-997D-0888FA706DEF}.Release|x86.ActiveCfg = Release|x86
		{89E4A646-1F0D-4E13-997D-0888FA706DEF}.Release|x86.Build.0 = Release|x86
		{BEFE71BC-DD78-4D45-895E-D10BB14E342F}.Debug|Any CPU.ActiveCfg = Debug|Any CPU
		{BEFE71BC-DD78-4D45-895E-D10BB14E342F}.Debug|Any CPU.Build.0 = Debug|Any CPU
		{BEFE71BC-DD78-4D45-895E-D10BB14E342F}.Debug|ARM.ActiveCfg = Debug|ARM
		{BEFE71BC-DD78-4D45-895E-D10BB14E342F}.Debug|ARM.Build.0 = Debug|ARM
		{BEFE71BC-DD78-4D45-895E-D10BB14E342F}.Debug|x64.ActiveCfg = Debug|x64
		{BEFE71BC-DD78-4D45-895E-D10BB14E342F}.Debug|x64.Build.0 = Debug|x64
		{BEFE71BC-DD78-4D45-895E-D10BB14E342F}.Debug|x86.ActiveCfg = Debug|x86
		{BEFE71BC-DD78-4D45-895E-D10BB14E342F}.Debug|x86.Build.0 = Debug|x86
		{BEFE71BC-DD78-4D45-895E-D10BB14E342F}.Release|Any CPU.ActiveCfg = Release|Any CPU
		{BEFE71BC-DD78-4D45-895E-D10BB14E342F}.Release|Any CPU.Build.0 = Release|Any CPU
		{BEFE71BC-DD78-4D45-895E-D10BB14E342F}.Release|ARM.ActiveCfg = Release|ARM
		{BEFE71BC-DD78-4D45-895E-D10BB14E342F}.Release|ARM.Build.0 = Release|ARM
		{BEFE71BC-DD78-4D45-895E-D10BB14E342F}.Release|x64.ActiveCfg = Release|x64
		{BEFE71BC-DD78-4D45-895E-D10BB14E342F}.Release|x64.Build.0 = Release|x64
		{BEFE71BC-DD78-4D45-895E-D10BB14E342F}.Release|x86.ActiveCfg = Release|x86
		{BEFE71BC-DD78-4D45-895E-D10BB14E342F}.Release|x86.Build.0 = Release|x86
		{62201ABE-ABFF-486E-B3C1-124DAE18A8FD}.Debug|Any CPU.ActiveCfg = Debug|Any CPU
		{62201ABE-ABFF-486E-B3C1-124DAE18A8FD}.Debug|Any CPU.Build.0 = Debug|Any CPU
		{62201ABE-ABFF-486E-B3C1-124DAE18A8FD}.Debug|ARM.ActiveCfg = Debug|ARM
		{62201ABE-ABFF-486E-B3C1-124DAE18A8FD}.Debug|ARM.Build.0 = Debug|ARM
		{62201ABE-ABFF-486E-B3C1-124DAE18A8FD}.Debug|x64.ActiveCfg = Debug|x64
		{62201ABE-ABFF-486E-B3C1-124DAE18A8FD}.Debug|x64.Build.0 = Debug|x64
		{62201ABE-ABFF-486E-B3C1-124DAE18A8FD}.Debug|x86.ActiveCfg = Debug|x86
		{62201ABE-ABFF-486E-B3C1-124DAE18A8FD}.Debug|x86.Build.0 = Debug|x86
		{62201ABE-ABFF-486E-B3C1-124DAE18A8FD}.Release|Any CPU.ActiveCfg = Release|Any CPU
		{62201ABE-ABFF-486E-B3C1-124DAE18A8FD}.Release|Any CPU.Build.0 = Release|Any CPU
		{62201ABE-ABFF-486E-B3C1-124DAE18A8FD}.Release|ARM.ActiveCfg = Release|ARM
		{62201ABE-ABFF-486E-B3C1-124DAE18A8FD}.Release|ARM.Build.0 = Release|ARM
		{62201ABE-ABFF-486E-B3C1-124DAE18A8FD}.Release|x64.ActiveCfg = Release|x64
		{62201ABE-ABFF-486E-B3C1-124DAE18A8FD}.Release|x64.Build.0 = Release|x64
		{62201ABE-ABFF-486E-B3C1-124DAE18A8FD}.Release|x86.ActiveCfg = Release|x86
		{62201ABE-ABFF-486E-B3C1-124DAE18A8FD}.Release|x86.Build.0 = Release|x86
		{1BBC78F7-1AB9-4EE4-9573-9DF1E64B6F2A}.Debug|Any CPU.ActiveCfg = Debug|Any CPU
		{1BBC78F7-1AB9-4EE4-9573-9DF1E64B6F2A}.Debug|Any CPU.Build.0 = Debug|Any CPU
		{1BBC78F7-1AB9-4EE4-9573-9DF1E64B6F2A}.Debug|ARM.ActiveCfg = Debug|ARM
		{1BBC78F7-1AB9-4EE4-9573-9DF1E64B6F2A}.Debug|ARM.Build.0 = Debug|ARM
		{1BBC78F7-1AB9-4EE4-9573-9DF1E64B6F2A}.Debug|x64.ActiveCfg = Debug|x64
		{1BBC78F7-1AB9-4EE4-9573-9DF1E64B6F2A}.Debug|x64.Build.0 = Debug|x64
		{1BBC78F7-1AB9-4EE4-9573-9DF1E64B6F2A}.Debug|x86.ActiveCfg = Debug|x86
		{1BBC78F7-1AB9-4EE4-9573-9DF1E64B6F2A}.Debug|x86.Build.0 = Debug|x86
		{1BBC78F7-1AB9-4EE4-9573-9DF1E64B6F2A}.Release|Any CPU.ActiveCfg = Release|Any CPU
		{1BBC78F7-1AB9-4EE4-9573-9DF1E64B6F2A}.Release|Any CPU.Build.0 = Release|Any CPU
		{1BBC78F7-1AB9-4EE4-9573-9DF1E64B6F2A}.Release|ARM.ActiveCfg = Release|ARM
		{1BBC78F7-1AB9-4EE4-9573-9DF1E64B6F2A}.Release|ARM.Build.0 = Release|ARM
		{1BBC78F7-1AB9-4EE4-9573-9DF1E64B6F2A}.Release|x64.ActiveCfg = Release|x64
		{1BBC78F7-1AB9-4EE4-9573-9DF1E64B6F2A}.Release|x64.Build.0 = Release|x64
		{1BBC78F7-1AB9-4EE4-9573-9DF1E64B6F2A}.Release|x86.ActiveCfg = Release|x86
		{1BBC78F7-1AB9-4EE4-9573-9DF1E64B6F2A}.Release|x86.Build.0 = Release|x86
		{318A7D0F-5E8F-4CFE-BE13-7DCA1235E0AE}.Debug|Any CPU.ActiveCfg = Debug|Any CPU
		{318A7D0F-5E8F-4CFE-BE13-7DCA1235E0AE}.Debug|Any CPU.Build.0 = Debug|Any CPU
		{318A7D0F-5E8F-4CFE-BE13-7DCA1235E0AE}.Debug|ARM.ActiveCfg = Debug|Any CPU
		{318A7D0F-5E8F-4CFE-BE13-7DCA1235E0AE}.Debug|ARM.Build.0 = Debug|Any CPU
		{318A7D0F-5E8F-4CFE-BE13-7DCA1235E0AE}.Debug|x64.ActiveCfg = Debug|Any CPU
		{318A7D0F-5E8F-4CFE-BE13-7DCA1235E0AE}.Debug|x64.Build.0 = Debug|Any CPU
		{318A7D0F-5E8F-4CFE-BE13-7DCA1235E0AE}.Debug|x86.ActiveCfg = Debug|Any CPU
		{318A7D0F-5E8F-4CFE-BE13-7DCA1235E0AE}.Debug|x86.Build.0 = Debug|Any CPU
		{318A7D0F-5E8F-4CFE-BE13-7DCA1235E0AE}.Release|Any CPU.ActiveCfg = Release|Any CPU
		{318A7D0F-5E8F-4CFE-BE13-7DCA1235E0AE}.Release|Any CPU.Build.0 = Release|Any CPU
		{318A7D0F-5E8F-4CFE-BE13-7DCA1235E0AE}.Release|ARM.ActiveCfg = Release|Any CPU
		{318A7D0F-5E8F-4CFE-BE13-7DCA1235E0AE}.Release|ARM.Build.0 = Release|Any CPU
		{318A7D0F-5E8F-4CFE-BE13-7DCA1235E0AE}.Release|x64.ActiveCfg = Release|Any CPU
		{318A7D0F-5E8F-4CFE-BE13-7DCA1235E0AE}.Release|x64.Build.0 = Release|Any CPU
		{318A7D0F-5E8F-4CFE-BE13-7DCA1235E0AE}.Release|x86.ActiveCfg = Release|Any CPU
		{318A7D0F-5E8F-4CFE-BE13-7DCA1235E0AE}.Release|x86.Build.0 = Release|Any CPU
		{292413BE-ACA1-419A-9830-71C4F2E32B0F}.Debug|Any CPU.ActiveCfg = Debug|Any CPU
		{292413BE-ACA1-419A-9830-71C4F2E32B0F}.Debug|Any CPU.Build.0 = Debug|Any CPU
		{292413BE-ACA1-419A-9830-71C4F2E32B0F}.Debug|ARM.ActiveCfg = Debug|Any CPU
		{292413BE-ACA1-419A-9830-71C4F2E32B0F}.Debug|ARM.Build.0 = Debug|Any CPU
		{292413BE-ACA1-419A-9830-71C4F2E32B0F}.Debug|x64.ActiveCfg = Debug|Any CPU
		{292413BE-ACA1-419A-9830-71C4F2E32B0F}.Debug|x64.Build.0 = Debug|Any CPU
		{292413BE-ACA1-419A-9830-71C4F2E32B0F}.Debug|x86.ActiveCfg = Debug|Any CPU
		{292413BE-ACA1-419A-9830-71C4F2E32B0F}.Debug|x86.Build.0 = Debug|Any CPU
		{292413BE-ACA1-419A-9830-71C4F2E32B0F}.Release|Any CPU.ActiveCfg = Release|Any CPU
		{292413BE-ACA1-419A-9830-71C4F2E32B0F}.Release|Any CPU.Build.0 = Release|Any CPU
		{292413BE-ACA1-419A-9830-71C4F2E32B0F}.Release|ARM.ActiveCfg = Release|Any CPU
		{292413BE-ACA1-419A-9830-71C4F2E32B0F}.Release|ARM.Build.0 = Release|Any CPU
		{292413BE-ACA1-419A-9830-71C4F2E32B0F}.Release|x64.ActiveCfg = Release|Any CPU
		{292413BE-ACA1-419A-9830-71C4F2E32B0F}.Release|x64.Build.0 = Release|Any CPU
		{292413BE-ACA1-419A-9830-71C4F2E32B0F}.Release|x86.ActiveCfg = Release|Any CPU
		{292413BE-ACA1-419A-9830-71C4F2E32B0F}.Release|x86.Build.0 = Release|Any CPU
		{33BBAACB-8060-4A92-8A7F-1FA570885E0D}.Debug|Any CPU.ActiveCfg = Debug|Any CPU
		{33BBAACB-8060-4A92-8A7F-1FA570885E0D}.Debug|Any CPU.Build.0 = Debug|Any CPU
		{33BBAACB-8060-4A92-8A7F-1FA570885E0D}.Debug|ARM.ActiveCfg = Debug|Any CPU
		{33BBAACB-8060-4A92-8A7F-1FA570885E0D}.Debug|ARM.Build.0 = Debug|Any CPU
		{33BBAACB-8060-4A92-8A7F-1FA570885E0D}.Debug|x64.ActiveCfg = Debug|Any CPU
		{33BBAACB-8060-4A92-8A7F-1FA570885E0D}.Debug|x64.Build.0 = Debug|Any CPU
		{33BBAACB-8060-4A92-8A7F-1FA570885E0D}.Debug|x86.ActiveCfg = Debug|Any CPU
		{33BBAACB-8060-4A92-8A7F-1FA570885E0D}.Debug|x86.Build.0 = Debug|Any CPU
		{33BBAACB-8060-4A92-8A7F-1FA570885E0D}.Release|Any CPU.ActiveCfg = Release|Any CPU
		{33BBAACB-8060-4A92-8A7F-1FA570885E0D}.Release|Any CPU.Build.0 = Release|Any CPU
		{33BBAACB-8060-4A92-8A7F-1FA570885E0D}.Release|ARM.ActiveCfg = Release|Any CPU
		{33BBAACB-8060-4A92-8A7F-1FA570885E0D}.Release|ARM.Build.0 = Release|Any CPU
		{33BBAACB-8060-4A92-8A7F-1FA570885E0D}.Release|x64.ActiveCfg = Release|Any CPU
		{33BBAACB-8060-4A92-8A7F-1FA570885E0D}.Release|x64.Build.0 = Release|Any CPU
		{33BBAACB-8060-4A92-8A7F-1FA570885E0D}.Release|x86.ActiveCfg = Release|Any CPU
		{33BBAACB-8060-4A92-8A7F-1FA570885E0D}.Release|x86.Build.0 = Release|Any CPU
		{641C5ECC-3287-4101-ACCA-F2560B321247}.Debug|Any CPU.ActiveCfg = Debug|Any CPU
		{641C5ECC-3287-4101-ACCA-F2560B321247}.Debug|Any CPU.Build.0 = Debug|Any CPU
		{641C5ECC-3287-4101-ACCA-F2560B321247}.Debug|ARM.ActiveCfg = Debug|Any CPU
		{641C5ECC-3287-4101-ACCA-F2560B321247}.Debug|ARM.Build.0 = Debug|Any CPU
		{641C5ECC-3287-4101-ACCA-F2560B321247}.Debug|x64.ActiveCfg = Debug|Any CPU
		{641C5ECC-3287-4101-ACCA-F2560B321247}.Debug|x64.Build.0 = Debug|Any CPU
		{641C5ECC-3287-4101-ACCA-F2560B321247}.Debug|x86.ActiveCfg = Debug|Any CPU
		{641C5ECC-3287-4101-ACCA-F2560B321247}.Debug|x86.Build.0 = Debug|Any CPU
		{641C5ECC-3287-4101-ACCA-F2560B321247}.Release|Any CPU.ActiveCfg = Release|Any CPU
		{641C5ECC-3287-4101-ACCA-F2560B321247}.Release|Any CPU.Build.0 = Release|Any CPU
		{641C5ECC-3287-4101-ACCA-F2560B321247}.Release|ARM.ActiveCfg = Release|Any CPU
		{641C5ECC-3287-4101-ACCA-F2560B321247}.Release|ARM.Build.0 = Release|Any CPU
		{641C5ECC-3287-4101-ACCA-F2560B321247}.Release|x64.ActiveCfg = Release|Any CPU
		{641C5ECC-3287-4101-ACCA-F2560B321247}.Release|x64.Build.0 = Release|Any CPU
		{641C5ECC-3287-4101-ACCA-F2560B321247}.Release|x86.ActiveCfg = Release|Any CPU
		{641C5ECC-3287-4101-ACCA-F2560B321247}.Release|x86.Build.0 = Release|Any CPU
		{264109C5-8773-4BFA-9CF6-420D89DD3F61}.Debug|Any CPU.ActiveCfg = Debug|Any CPU
		{264109C5-8773-4BFA-9CF6-420D89DD3F61}.Debug|Any CPU.Build.0 = Debug|Any CPU
		{264109C5-8773-4BFA-9CF6-420D89DD3F61}.Debug|ARM.ActiveCfg = Debug|Any CPU
		{264109C5-8773-4BFA-9CF6-420D89DD3F61}.Debug|ARM.Build.0 = Debug|Any CPU
		{264109C5-8773-4BFA-9CF6-420D89DD3F61}.Debug|x64.ActiveCfg = Debug|Any CPU
		{264109C5-8773-4BFA-9CF6-420D89DD3F61}.Debug|x64.Build.0 = Debug|Any CPU
		{264109C5-8773-4BFA-9CF6-420D89DD3F61}.Debug|x86.ActiveCfg = Debug|Any CPU
		{264109C5-8773-4BFA-9CF6-420D89DD3F61}.Debug|x86.Build.0 = Debug|Any CPU
		{264109C5-8773-4BFA-9CF6-420D89DD3F61}.Release|Any CPU.ActiveCfg = Release|Any CPU
		{264109C5-8773-4BFA-9CF6-420D89DD3F61}.Release|Any CPU.Build.0 = Release|Any CPU
		{264109C5-8773-4BFA-9CF6-420D89DD3F61}.Release|ARM.ActiveCfg = Release|Any CPU
		{264109C5-8773-4BFA-9CF6-420D89DD3F61}.Release|ARM.Build.0 = Release|Any CPU
		{264109C5-8773-4BFA-9CF6-420D89DD3F61}.Release|x64.ActiveCfg = Release|Any CPU
		{264109C5-8773-4BFA-9CF6-420D89DD3F61}.Release|x64.Build.0 = Release|Any CPU
		{264109C5-8773-4BFA-9CF6-420D89DD3F61}.Release|x86.ActiveCfg = Release|Any CPU
		{264109C5-8773-4BFA-9CF6-420D89DD3F61}.Release|x86.Build.0 = Release|Any CPU
		{5434F4CD-6044-4C8B-8F38-A4AD23E54CCB}.Debug|Any CPU.ActiveCfg = Debug|Any CPU
		{5434F4CD-6044-4C8B-8F38-A4AD23E54CCB}.Debug|Any CPU.Build.0 = Debug|Any CPU
		{5434F4CD-6044-4C8B-8F38-A4AD23E54CCB}.Debug|ARM.ActiveCfg = Debug|Any CPU
		{5434F4CD-6044-4C8B-8F38-A4AD23E54CCB}.Debug|ARM.Build.0 = Debug|Any CPU
		{5434F4CD-6044-4C8B-8F38-A4AD23E54CCB}.Debug|x64.ActiveCfg = Debug|Any CPU
		{5434F4CD-6044-4C8B-8F38-A4AD23E54CCB}.Debug|x64.Build.0 = Debug|Any CPU
		{5434F4CD-6044-4C8B-8F38-A4AD23E54CCB}.Debug|x86.ActiveCfg = Debug|Any CPU
		{5434F4CD-6044-4C8B-8F38-A4AD23E54CCB}.Debug|x86.Build.0 = Debug|Any CPU
		{5434F4CD-6044-4C8B-8F38-A4AD23E54CCB}.Release|Any CPU.ActiveCfg = Release|Any CPU
		{5434F4CD-6044-4C8B-8F38-A4AD23E54CCB}.Release|Any CPU.Build.0 = Release|Any CPU
		{5434F4CD-6044-4C8B-8F38-A4AD23E54CCB}.Release|ARM.ActiveCfg = Release|Any CPU
		{5434F4CD-6044-4C8B-8F38-A4AD23E54CCB}.Release|ARM.Build.0 = Release|Any CPU
		{5434F4CD-6044-4C8B-8F38-A4AD23E54CCB}.Release|x64.ActiveCfg = Release|Any CPU
		{5434F4CD-6044-4C8B-8F38-A4AD23E54CCB}.Release|x64.Build.0 = Release|Any CPU
		{5434F4CD-6044-4C8B-8F38-A4AD23E54CCB}.Release|x86.ActiveCfg = Release|Any CPU
		{5434F4CD-6044-4C8B-8F38-A4AD23E54CCB}.Release|x86.Build.0 = Release|Any CPU
		{FFF1C1D3-17E2-4997-AE9A-8CDF8FBBF577}.Debug|Any CPU.ActiveCfg = Debug|Any CPU
		{FFF1C1D3-17E2-4997-AE9A-8CDF8FBBF577}.Debug|Any CPU.Build.0 = Debug|Any CPU
		{FFF1C1D3-17E2-4997-AE9A-8CDF8FBBF577}.Debug|ARM.ActiveCfg = Debug|Any CPU
		{FFF1C1D3-17E2-4997-AE9A-8CDF8FBBF577}.Debug|ARM.Build.0 = Debug|Any CPU
		{FFF1C1D3-17E2-4997-AE9A-8CDF8FBBF577}.Debug|x64.ActiveCfg = Debug|Any CPU
		{FFF1C1D3-17E2-4997-AE9A-8CDF8FBBF577}.Debug|x64.Build.0 = Debug|Any CPU
		{FFF1C1D3-17E2-4997-AE9A-8CDF8FBBF577}.Debug|x86.ActiveCfg = Debug|Any CPU
		{FFF1C1D3-17E2-4997-AE9A-8CDF8FBBF577}.Debug|x86.Build.0 = Debug|Any CPU
		{FFF1C1D3-17E2-4997-AE9A-8CDF8FBBF577}.Release|Any CPU.ActiveCfg = Release|Any CPU
		{FFF1C1D3-17E2-4997-AE9A-8CDF8FBBF577}.Release|Any CPU.Build.0 = Release|Any CPU
		{FFF1C1D3-17E2-4997-AE9A-8CDF8FBBF577}.Release|ARM.ActiveCfg = Release|Any CPU
		{FFF1C1D3-17E2-4997-AE9A-8CDF8FBBF577}.Release|ARM.Build.0 = Release|Any CPU
		{FFF1C1D3-17E2-4997-AE9A-8CDF8FBBF577}.Release|x64.ActiveCfg = Release|Any CPU
		{FFF1C1D3-17E2-4997-AE9A-8CDF8FBBF577}.Release|x64.Build.0 = Release|Any CPU
		{FFF1C1D3-17E2-4997-AE9A-8CDF8FBBF577}.Release|x86.ActiveCfg = Release|Any CPU
		{FFF1C1D3-17E2-4997-AE9A-8CDF8FBBF577}.Release|x86.Build.0 = Release|Any CPU
		{8F1D235E-DCC2-4423-9D3A-E828AA2A9C31}.Debug|Any CPU.ActiveCfg = Debug|Any CPU
		{8F1D235E-DCC2-4423-9D3A-E828AA2A9C31}.Debug|Any CPU.Build.0 = Debug|Any CPU
		{8F1D235E-DCC2-4423-9D3A-E828AA2A9C31}.Debug|ARM.ActiveCfg = Debug|Any CPU
		{8F1D235E-DCC2-4423-9D3A-E828AA2A9C31}.Debug|ARM.Build.0 = Debug|Any CPU
		{8F1D235E-DCC2-4423-9D3A-E828AA2A9C31}.Debug|x64.ActiveCfg = Debug|Any CPU
		{8F1D235E-DCC2-4423-9D3A-E828AA2A9C31}.Debug|x64.Build.0 = Debug|Any CPU
		{8F1D235E-DCC2-4423-9D3A-E828AA2A9C31}.Debug|x86.ActiveCfg = Debug|Any CPU
		{8F1D235E-DCC2-4423-9D3A-E828AA2A9C31}.Debug|x86.Build.0 = Debug|Any CPU
		{8F1D235E-DCC2-4423-9D3A-E828AA2A9C31}.Release|Any CPU.ActiveCfg = Release|Any CPU
		{8F1D235E-DCC2-4423-9D3A-E828AA2A9C31}.Release|Any CPU.Build.0 = Release|Any CPU
		{8F1D235E-DCC2-4423-9D3A-E828AA2A9C31}.Release|ARM.ActiveCfg = Release|Any CPU
		{8F1D235E-DCC2-4423-9D3A-E828AA2A9C31}.Release|ARM.Build.0 = Release|Any CPU
		{8F1D235E-DCC2-4423-9D3A-E828AA2A9C31}.Release|x64.ActiveCfg = Release|Any CPU
		{8F1D235E-DCC2-4423-9D3A-E828AA2A9C31}.Release|x64.Build.0 = Release|Any CPU
		{8F1D235E-DCC2-4423-9D3A-E828AA2A9C31}.Release|x86.ActiveCfg = Release|Any CPU
		{8F1D235E-DCC2-4423-9D3A-E828AA2A9C31}.Release|x86.Build.0 = Release|Any CPU
		{0D1624C3-7980-467B-87A1-F77E57CCEEB6}.Debug|Any CPU.ActiveCfg = Debug|Any CPU
		{0D1624C3-7980-467B-87A1-F77E57CCEEB6}.Debug|Any CPU.Build.0 = Debug|Any CPU
		{0D1624C3-7980-467B-87A1-F77E57CCEEB6}.Debug|ARM.ActiveCfg = Debug|Any CPU
		{0D1624C3-7980-467B-87A1-F77E57CCEEB6}.Debug|ARM.Build.0 = Debug|Any CPU
		{0D1624C3-7980-467B-87A1-F77E57CCEEB6}.Debug|x64.ActiveCfg = Debug|Any CPU
		{0D1624C3-7980-467B-87A1-F77E57CCEEB6}.Debug|x64.Build.0 = Debug|Any CPU
		{0D1624C3-7980-467B-87A1-F77E57CCEEB6}.Debug|x86.ActiveCfg = Debug|Any CPU
		{0D1624C3-7980-467B-87A1-F77E57CCEEB6}.Debug|x86.Build.0 = Debug|Any CPU
		{0D1624C3-7980-467B-87A1-F77E57CCEEB6}.Release|Any CPU.ActiveCfg = Release|Any CPU
		{0D1624C3-7980-467B-87A1-F77E57CCEEB6}.Release|Any CPU.Build.0 = Release|Any CPU
		{0D1624C3-7980-467B-87A1-F77E57CCEEB6}.Release|ARM.ActiveCfg = Release|Any CPU
		{0D1624C3-7980-467B-87A1-F77E57CCEEB6}.Release|ARM.Build.0 = Release|Any CPU
		{0D1624C3-7980-467B-87A1-F77E57CCEEB6}.Release|x64.ActiveCfg = Release|Any CPU
		{0D1624C3-7980-467B-87A1-F77E57CCEEB6}.Release|x64.Build.0 = Release|Any CPU
		{0D1624C3-7980-467B-87A1-F77E57CCEEB6}.Release|x86.ActiveCfg = Release|Any CPU
		{0D1624C3-7980-467B-87A1-F77E57CCEEB6}.Release|x86.Build.0 = Release|Any CPU
		{B0F749DE-A613-4633-AA99-6D4CF853225A}.Debug|Any CPU.ActiveCfg = Debug|Any CPU
		{B0F749DE-A613-4633-AA99-6D4CF853225A}.Debug|Any CPU.Build.0 = Debug|Any CPU
		{B0F749DE-A613-4633-AA99-6D4CF853225A}.Debug|ARM.ActiveCfg = Debug|ARM
		{B0F749DE-A613-4633-AA99-6D4CF853225A}.Debug|ARM.Build.0 = Debug|ARM
		{B0F749DE-A613-4633-AA99-6D4CF853225A}.Debug|x64.ActiveCfg = Debug|x64
		{B0F749DE-A613-4633-AA99-6D4CF853225A}.Debug|x64.Build.0 = Debug|x64
		{B0F749DE-A613-4633-AA99-6D4CF853225A}.Debug|x86.ActiveCfg = Debug|x86
		{B0F749DE-A613-4633-AA99-6D4CF853225A}.Debug|x86.Build.0 = Debug|x86
		{B0F749DE-A613-4633-AA99-6D4CF853225A}.Release|Any CPU.ActiveCfg = Release|Any CPU
		{B0F749DE-A613-4633-AA99-6D4CF853225A}.Release|Any CPU.Build.0 = Release|Any CPU
		{B0F749DE-A613-4633-AA99-6D4CF853225A}.Release|ARM.ActiveCfg = Release|ARM
		{B0F749DE-A613-4633-AA99-6D4CF853225A}.Release|ARM.Build.0 = Release|ARM
		{B0F749DE-A613-4633-AA99-6D4CF853225A}.Release|x64.ActiveCfg = Release|x64
		{B0F749DE-A613-4633-AA99-6D4CF853225A}.Release|x64.Build.0 = Release|x64
		{B0F749DE-A613-4633-AA99-6D4CF853225A}.Release|x86.ActiveCfg = Release|x86
		{B0F749DE-A613-4633-AA99-6D4CF853225A}.Release|x86.Build.0 = Release|x86
	EndGlobalSection
	GlobalSection(SolutionProperties) = preSolution
		HideSolutionNode = FALSE
	EndGlobalSection
	GlobalSection(NestedProjects) = preSolution
		{DBBF9839-EDF4-4A00-A29D-96F82B5DB61A} = {D6D0FEFE-EB75-4AF8-91AE-786886C9C1B5}
		{E3ABDC0D-2ECC-4F4E-AA12-B17716231C90} = {D6D0FEFE-EB75-4AF8-91AE-786886C9C1B5}
		{8956329E-2087-41C7-9273-76900B0A217A} = {E3ABDC0D-2ECC-4F4E-AA12-B17716231C90}
		{17F95D3F-8E66-4E15-AB16-9A537901321D} = {DBBF9839-EDF4-4A00-A29D-96F82B5DB61A}
		{52FF5DEF-7C63-4C7C-A3D2-D8D90222B44E} = {D6D0FEFE-EB75-4AF8-91AE-786886C9C1B5}
		{9BE2C151-3510-4B48-89D3-3A7CADD8B804} = {52FF5DEF-7C63-4C7C-A3D2-D8D90222B44E}
		{8607C471-BAF3-427E-910A-23D3A1AA6FEE} = {D6D0FEFE-EB75-4AF8-91AE-786886C9C1B5}
		{DC12F793-3335-4054-874B-B52B8AE693B6} = {8607C471-BAF3-427E-910A-23D3A1AA6FEE}
		{B04A2021-0569-4552-9A98-2717BA1A2FE6} = {D6D0FEFE-EB75-4AF8-91AE-786886C9C1B5}
		{9C1AD7CA-B144-4513-B8AB-AB9EF991E122} = {B04A2021-0569-4552-9A98-2717BA1A2FE6}
		{7D652CE8-5A35-49EB-ABA0-39302F3B967F} = {D6D0FEFE-EB75-4AF8-91AE-786886C9C1B5}
		{444C4EA5-608F-4C9E-82D3-6750C846F0E7} = {7D652CE8-5A35-49EB-ABA0-39302F3B967F}
		{104CDEBB-6872-457C-BDEE-DE9161AA40E9} = {D6D0FEFE-EB75-4AF8-91AE-786886C9C1B5}
		{DC4B2B3E-2BD9-4750-95E1-FAF485D5C394} = {104CDEBB-6872-457C-BDEE-DE9161AA40E9}
		{1FBDCDD1-3559-43D1-A32F-2F8CEEA72116} = {D6D0FEFE-EB75-4AF8-91AE-786886C9C1B5}
		{ECA521F1-372C-4841-9B7E-86F1D612938E} = {1FBDCDD1-3559-43D1-A32F-2F8CEEA72116}
		{D19DAA47-6696-40F4-8D7C-591A16D3991E} = {7D652CE8-5A35-49EB-ABA0-39302F3B967F}
		{C8FE4F23-70B6-475D-9B87-BD655B8CD22D} = {52FF5DEF-7C63-4C7C-A3D2-D8D90222B44E}
		{5187AA08-61CB-4749-81D5-4B78DC81633F} = {104CDEBB-6872-457C-BDEE-DE9161AA40E9}
		{8DD64822-57A3-4FE9-9BFB-45B35AEB6164} = {8607C471-BAF3-427E-910A-23D3A1AA6FEE}
		{BF31E501-7C92-4B90-BDC7-6323295CBC52} = {DBBF9839-EDF4-4A00-A29D-96F82B5DB61A}
		{D158E046-BC30-4726-9F11-7A8FE09A0701} = {B04A2021-0569-4552-9A98-2717BA1A2FE6}
		{C610737E-E8B6-4CF4-834C-A5EBCF6F2219} = {E3ABDC0D-2ECC-4F4E-AA12-B17716231C90}
		{6507B5F9-82B7-4E24-9B1F-8BFF65EB17C4} = {1FBDCDD1-3559-43D1-A32F-2F8CEEA72116}
		{C9BF340A-A8F2-4967-8CF1-AECF14A57DCB} = {DBBF9839-EDF4-4A00-A29D-96F82B5DB61A}
		{04D50FB0-129D-4C72-BFFD-3D826AC956FC} = {E3ABDC0D-2ECC-4F4E-AA12-B17716231C90}
		{6E763529-491D-4413-8DA3-0A15B48D8DA7} = {B04A2021-0569-4552-9A98-2717BA1A2FE6}
		{89E4A646-1F0D-4E13-997D-0888FA706DEF} = {8607C471-BAF3-427E-910A-23D3A1AA6FEE}
		{BEFE71BC-DD78-4D45-895E-D10BB14E342F} = {104CDEBB-6872-457C-BDEE-DE9161AA40E9}
		{62201ABE-ABFF-486E-B3C1-124DAE18A8FD} = {52FF5DEF-7C63-4C7C-A3D2-D8D90222B44E}
		{1BBC78F7-1AB9-4EE4-9573-9DF1E64B6F2A} = {7D652CE8-5A35-49EB-ABA0-39302F3B967F}
		{292413BE-ACA1-419A-9830-71C4F2E32B0F} = {DBBF9839-EDF4-4A00-A29D-96F82B5DB61A}
		{33BBAACB-8060-4A92-8A7F-1FA570885E0D} = {B04A2021-0569-4552-9A98-2717BA1A2FE6}
		{641C5ECC-3287-4101-ACCA-F2560B321247} = {E3ABDC0D-2ECC-4F4E-AA12-B17716231C90}
		{264109C5-8773-4BFA-9CF6-420D89DD3F61} = {1FBDCDD1-3559-43D1-A32F-2F8CEEA72116}
		{5434F4CD-6044-4C8B-8F38-A4AD23E54CCB} = {8607C471-BAF3-427E-910A-23D3A1AA6FEE}
		{FFF1C1D3-17E2-4997-AE9A-8CDF8FBBF577} = {104CDEBB-6872-457C-BDEE-DE9161AA40E9}
		{8F1D235E-DCC2-4423-9D3A-E828AA2A9C31} = {52FF5DEF-7C63-4C7C-A3D2-D8D90222B44E}
		{0D1624C3-7980-467B-87A1-F77E57CCEEB6} = {7D652CE8-5A35-49EB-ABA0-39302F3B967F}
		{3A28982C-EC71-4C9C-AF43-E0C23D1C27F2} = {1FBDCDD1-3559-43D1-A32F-2F8CEEA72116}
		{CD2AA346-981C-4C3A-9EF6-16816531AF93} = {E3ABDC0D-2ECC-4F4E-AA12-B17716231C90}
		{C46BB11C-1B4B-4300-83CE-8308AE46C6DC} = {B04A2021-0569-4552-9A98-2717BA1A2FE6}
		{A9984216-57E5-43EC-8EFF-86103A154C3A} = {DBBF9839-EDF4-4A00-A29D-96F82B5DB61A}
		{C00F2223-3E19-4C16-B98D-85CB4EF31F1A} = {8607C471-BAF3-427E-910A-23D3A1AA6FEE}
		{48BAE3CC-BFC9-48D7-9ACB-CA00B145A3F3} = {104CDEBB-6872-457C-BDEE-DE9161AA40E9}
		{DF5F8888-8B4E-41F9-B245-D4AF9D28EFB7} = {52FF5DEF-7C63-4C7C-A3D2-D8D90222B44E}
		{D0354169-9B35-40CC-8EAD-BE2961A2A862} = {7D652CE8-5A35-49EB-ABA0-39302F3B967F}
		{B0F749DE-A613-4633-AA99-6D4CF853225A} = {1FBDCDD1-3559-43D1-A32F-2F8CEEA72116}
	EndGlobalSection
EndGlobal
